// !$*UTF8*$!
{
	archiveVersion = 1;
	classes = {
	};
	objectVersion = 46;
	objects = {

/* Begin PBXBuildFile section */
		333F9CD01B54AB2F00100D81 /* Forest.cpp in Sources */ = {isa = PBXBuildFile; fileRef = 333F9CCE1B54AB2F00100D81 /* Forest.cpp */; };
		333F9CF41B5808D300100D81 /* Animation.cpp in Sources */ = {isa = PBXBuildFile; fileRef = 333F9CF21B5808D300100D81 /* Animation.cpp */; };
		333F9CF71B5AAF6100100D81 /* UI.cpp in Sources */ = {isa = PBXBuildFile; fileRef = 333F9CF51B5AAF6100100D81 /* UI.cpp */; };
		333F9D001B5ABD3000100D81 /* Intersection.cpp in Sources */ = {isa = PBXBuildFile; fileRef = 333F9CFF1B5ABD3000100D81 /* Intersection.cpp */; };
		333F9D071B5AFCE900100D81 /* pugixml.cpp in Sources */ = {isa = PBXBuildFile; fileRef = 333F9D051B5AFCE900100D81 /* pugixml.cpp */; };
		334C03A91B4F97E500D8DC09 /* PerlinNoise.cpp in Sources */ = {isa = PBXBuildFile; fileRef = 334C03A71B4F97E500D8DC09 /* PerlinNoise.cpp */; };
		334C03AC1B52172A00D8DC09 /* Landscape.cpp in Sources */ = {isa = PBXBuildFile; fileRef = 334C03AA1B52172A00D8DC09 /* Landscape.cpp */; };
		338DE5321B3B1EDF0064B16D /* main.cpp in Sources */ = {isa = PBXBuildFile; fileRef = 338DE5311B3B1EDF0064B16D /* main.cpp */; };
		338DE5581B3B7E8A0064B16D /* OpenGL.framework in Frameworks */ = {isa = PBXBuildFile; fileRef = 338DE5571B3B7E8A0064B16D /* OpenGL.framework */; };
		338DE55A1B3B7E8F0064B16D /* CoreVideo.framework in Frameworks */ = {isa = PBXBuildFile; fileRef = 338DE5591B3B7E8F0064B16D /* CoreVideo.framework */; };
		338DE55C1B3B7E930064B16D /* IOKit.framework in Frameworks */ = {isa = PBXBuildFile; fileRef = 338DE55B1B3B7E930064B16D /* IOKit.framework */; };
		338DE55E1B3B7E9B0064B16D /* Cocoa.framework in Frameworks */ = {isa = PBXBuildFile; fileRef = 338DE55D1B3B7E9B0064B16D /* Cocoa.framework */; };
		338DE56A1B3BB21E0064B16D /* Mesh.cpp in Sources */ = {isa = PBXBuildFile; fileRef = 338DE5681B3BB21E0064B16D /* Mesh.cpp */; };
		338DE56D1B3BC0A90064B16D /* Model.cpp in Sources */ = {isa = PBXBuildFile; fileRef = 338DE56B1B3BC0A90064B16D /* Model.cpp */; };
		338DE5711B3C62860064B16D /* CoreFoundation.framework in Frameworks */ = {isa = PBXBuildFile; fileRef = 338DE5701B3C62860064B16D /* CoreFoundation.framework */; };
		338DE57A1B3F3CEE0064B16D /* Character.cpp in Sources */ = {isa = PBXBuildFile; fileRef = 338DE5781B3F3CEE0064B16D /* Character.cpp */; };
		338DE57D1B3F3D580064B16D /* Player.cpp in Sources */ = {isa = PBXBuildFile; fileRef = 338DE57B1B3F3D580064B16D /* Player.cpp */; };
		338DE5811B3F95DA0064B16D /* Loader.cpp in Sources */ = {isa = PBXBuildFile; fileRef = 338DE57F1B3F95D90064B16D /* Loader.cpp */; };
		338DE5941B3FB9B90064B16D /* Camera.cpp in Sources */ = {isa = PBXBuildFile; fileRef = 338DE5921B3FB9B90064B16D /* Camera.cpp */; };
		338DE5971B3FC2FB0064B16D /* Keyboard.cpp in Sources */ = {isa = PBXBuildFile; fileRef = 338DE5951B3FC2FB0064B16D /* Keyboard.cpp */; };
		338DE59C1B3FD2360064B16D /* World.cpp in Sources */ = {isa = PBXBuildFile; fileRef = 338DE59A1B3FD2360064B16D /* World.cpp */; };
		338DE59F1B423C0C0064B16D /* ShaderManager.cpp in Sources */ = {isa = PBXBuildFile; fileRef = 338DE59D1B423C0C0064B16D /* ShaderManager.cpp */; };
		338DE5A21B43B56C0064B16D /* TexturedMesh.cpp in Sources */ = {isa = PBXBuildFile; fileRef = 338DE5A01B43B56C0064B16D /* TexturedMesh.cpp */; };
		33CE93F41B44E91300064738 /* Skybox.cpp in Sources */ = {isa = PBXBuildFile; fileRef = 33CE93F21B44E91300064738 /* Skybox.cpp */; };
/* End PBXBuildFile section */

/* Begin PBXCopyFilesBuildPhase section */
		338DE52C1B3B1EDF0064B16D /* CopyFiles */ = {
			isa = PBXCopyFilesBuildPhase;
			buildActionMask = 2147483647;
			dstPath = /usr/share/man/man1/;
			dstSubfolderSpec = 0;
			files = (
			);
			runOnlyForDeploymentPostprocessing = 1;
		};
/* End PBXCopyFilesBuildPhase section */

/* Begin PBXFileReference section */
		333F9CCE1B54AB2F00100D81 /* Forest.cpp */ = {isa = PBXFileReference; fileEncoding = 4; lastKnownFileType = sourcecode.cpp.cpp; path = Forest.cpp; sourceTree = "<group>"; };
		333F9CCF1B54AB2F00100D81 /* Forest.h */ = {isa = PBXFileReference; fileEncoding = 4; lastKnownFileType = sourcecode.c.h; path = Forest.h; sourceTree = "<group>"; };
		333F9CD11B54B21A00100D81 /* Tree.frag */ = {isa = PBXFileReference; fileEncoding = 4; lastKnownFileType = sourcecode.glsl; path = Tree.frag; sourceTree = "<group>"; };
		333F9CD21B54B22600100D81 /* Tree.vert */ = {isa = PBXFileReference; fileEncoding = 4; lastKnownFileType = sourcecode.glsl; path = Tree.vert; sourceTree = "<group>"; };
		333F9CD61B56040D00100D81 /* Intersection.h */ = {isa = PBXFileReference; lastKnownFileType = sourcecode.c.h; path = Intersection.h; sourceTree = "<group>"; };
		333F9CD91B5804FA00100D81 /* Pikachu.mtl */ = {isa = PBXFileReference; lastKnownFileType = text; path = Pikachu.mtl; sourceTree = "<group>"; };
		333F9CDA1B5804FA00100D81 /* Pikachu.obj */ = {isa = PBXFileReference; lastKnownFileType = text; path = Pikachu.obj; sourceTree = "<group>"; };
		333F9CDB1B5804FA00100D81 /* Pikachu.smd */ = {isa = PBXFileReference; lastKnownFileType = text; path = Pikachu.smd; sourceTree = "<group>"; };
		333F9CDC1B5804FA00100D81 /* Pikachu.dae */ = {isa = PBXFileReference; lastKnownFileType = text.xml.dae; path = Pikachu.dae; sourceTree = "<group>"; };
		333F9CDD1B5804FA00100D81 /* Thumbs.db */ = {isa = PBXFileReference; lastKnownFileType = file; path = Thumbs.db; sourceTree = "<group>"; };
		333F9CDE1B5804FA00100D81 /* Pikachu.psk */ = {isa = PBXFileReference; lastKnownFileType = file; path = Pikachu.psk; sourceTree = "<group>"; };
		333F9CDF1B5804FA00100D81 /* PikachuDh.png */ = {isa = PBXFileReference; lastKnownFileType = image.png; path = PikachuDh.png; sourceTree = "<group>"; };
		333F9CE01B5804FA00100D81 /* PikachuEyeDh.png */ = {isa = PBXFileReference; lastKnownFileType = image.png; path = PikachuEyeDh.png; sourceTree = "<group>"; };
		333F9CE11B5804FA00100D81 /* PikachuHohoDh.png */ = {isa = PBXFileReference; lastKnownFileType = image.png; path = PikachuHohoDh.png; sourceTree = "<group>"; };
		333F9CE21B5804FA00100D81 /* PikachuMouthDh.png */ = {isa = PBXFileReference; lastKnownFileType = image.png; path = PikachuMouthDh.png; sourceTree = "<group>"; };
		333F9CE31B5804FA00100D81 /* PikachuSpecularDh.png */ = {isa = PBXFileReference; lastKnownFileType = image.png; path = PikachuSpecularDh.png; sourceTree = "<group>"; };
		333F9CEA1B5807B900100D81 /* Bulbasaur.mtl */ = {isa = PBXFileReference; lastKnownFileType = text; path = Bulbasaur.mtl; sourceTree = "<group>"; };
		333F9CEB1B5807B900100D81 /* Bulbasaur.obj */ = {isa = PBXFileReference; lastKnownFileType = text; path = Bulbasaur.obj; sourceTree = "<group>"; };
		333F9CEC1B5807B900100D81 /* Bulbasaur.dae */ = {isa = PBXFileReference; lastKnownFileType = text.xml.dae; path = Bulbasaur.dae; sourceTree = "<group>"; };
		333F9CED1B5807B900100D81 /* Bulbasaur.smd */ = {isa = PBXFileReference; lastKnownFileType = text; path = Bulbasaur.smd; sourceTree = "<group>"; };
		333F9CEE1B5807B900100D81 /* Fushigidane.psk */ = {isa = PBXFileReference; lastKnownFileType = file; path = Fushigidane.psk; sourceTree = "<group>"; };
		333F9CEF1B5807B900100D81 /* FushigidaneDh.png */ = {isa = PBXFileReference; lastKnownFileType = image.png; path = FushigidaneDh.png; sourceTree = "<group>"; };
		333F9CF01B5807B900100D81 /* FushigidaneEyeDh.png */ = {isa = PBXFileReference; lastKnownFileType = image.png; path = FushigidaneEyeDh.png; sourceTree = "<group>"; };
		333F9CF11B5807B900100D81 /* FushigidaneSpecularDh.png */ = {isa = PBXFileReference; lastKnownFileType = image.png; path = FushigidaneSpecularDh.png; sourceTree = "<group>"; };
		333F9CF21B5808D300100D81 /* Animation.cpp */ = {isa = PBXFileReference; fileEncoding = 4; lastKnownFileType = sourcecode.cpp.cpp; path = Animation.cpp; sourceTree = "<group>"; };
		333F9CF31B5808D300100D81 /* Animation.h */ = {isa = PBXFileReference; fileEncoding = 4; lastKnownFileType = sourcecode.c.h; path = Animation.h; sourceTree = "<group>"; };
		333F9CF51B5AAF6100100D81 /* UI.cpp */ = {isa = PBXFileReference; fileEncoding = 4; lastKnownFileType = sourcecode.cpp.cpp; path = UI.cpp; sourceTree = "<group>"; };
		333F9CF61B5AAF6100100D81 /* UI.h */ = {isa = PBXFileReference; fileEncoding = 4; lastKnownFileType = sourcecode.c.h; path = UI.h; sourceTree = "<group>"; };
		333F9CF81B5AB0E600100D81 /* uipackSpace_sheet.png */ = {isa = PBXFileReference; lastKnownFileType = image.png; path = uipackSpace_sheet.png; sourceTree = "<group>"; };
		333F9CF91B5AB0E600100D81 /* uipackSpace_sheet.xml */ = {isa = PBXFileReference; fileEncoding = 4; lastKnownFileType = text.xml; path = uipackSpace_sheet.xml; sourceTree = "<group>"; };
		333F9CFD1B5AB41500100D81 /* UI.vert */ = {isa = PBXFileReference; fileEncoding = 4; lastKnownFileType = sourcecode.glsl; path = UI.vert; sourceTree = "<group>"; };
		333F9CFE1B5AB41F00100D81 /* UI.frag */ = {isa = PBXFileReference; fileEncoding = 4; lastKnownFileType = sourcecode.glsl; path = UI.frag; sourceTree = "<group>"; };
		333F9CFF1B5ABD3000100D81 /* Intersection.cpp */ = {isa = PBXFileReference; fileEncoding = 4; lastKnownFileType = sourcecode.cpp.cpp; path = Intersection.cpp; sourceTree = "<group>"; };
		333F9D021B5AF67300100D81 /* nevis_bold_12.PNG */ = {isa = PBXFileReference; lastKnownFileType = image.png; path = nevis_bold_12.PNG; sourceTree = "<group>"; };
		333F9D031B5AF67300100D81 /* nevis_bold_12.xml */ = {isa = PBXFileReference; fileEncoding = 4; lastKnownFileType = text.xml; path = nevis_bold_12.xml; sourceTree = "<group>"; };
		333F9D041B5AFCE900100D81 /* pugiconfig.hpp */ = {isa = PBXFileReference; fileEncoding = 4; lastKnownFileType = sourcecode.cpp.h; path = pugiconfig.hpp; sourceTree = "<group>"; };
		333F9D051B5AFCE900100D81 /* pugixml.cpp */ = {isa = PBXFileReference; fileEncoding = 4; lastKnownFileType = sourcecode.cpp.cpp; path = pugixml.cpp; sourceTree = "<group>"; };
		333F9D061B5AFCE900100D81 /* pugixml.hpp */ = {isa = PBXFileReference; fileEncoding = 4; lastKnownFileType = sourcecode.cpp.h; path = pugixml.hpp; sourceTree = "<group>"; };
		333F9D0A1B5B17C800100D81 /* OpenAL.framework */ = {isa = PBXFileReference; lastKnownFileType = wrapper.framework; name = OpenAL.framework; path = System/Library/Frameworks/OpenAL.framework; sourceTree = SDKROOT; };
		333F9D0E1B5B212200100D81 /* vaniville-town.wav */ = {isa = PBXFileReference; lastKnownFileType = audio.wav; path = "vaniville-town.wav"; sourceTree = "<group>"; };
		333F9D0F1B5B263300100D81 /* QuickTime.framework */ = {isa = PBXFileReference; lastKnownFileType = wrapper.framework; name = QuickTime.framework; path = System/Library/Frameworks/QuickTime.framework; sourceTree = SDKROOT; };
		333F9D1B1B5C1B7700100D81 /* Thumbs.db */ = {isa = PBXFileReference; lastKnownFileType = file; path = Thumbs.db; sourceTree = "<group>"; };
		333F9D1C1B5C1B7700100D81 /* Pidgeotto.mtl */ = {isa = PBXFileReference; lastKnownFileType = text; path = Pidgeotto.mtl; sourceTree = "<group>"; };
		333F9D1D1B5C1B7700100D81 /* Pidgeotto.obj */ = {isa = PBXFileReference; lastKnownFileType = text; path = Pidgeotto.obj; sourceTree = "<group>"; };
		333F9D1E1B5C1B7700100D81 /* Pidgeotto.dae */ = {isa = PBXFileReference; lastKnownFileType = text.xml.dae; path = Pidgeotto.dae; sourceTree = "<group>"; };
		333F9D1F1B5C1B7700100D81 /* Pigeon.smd */ = {isa = PBXFileReference; lastKnownFileType = text; path = Pigeon.smd; sourceTree = "<group>"; };
		333F9D201B5C1B7700100D81 /* Pigeon.psk */ = {isa = PBXFileReference; lastKnownFileType = file; path = Pigeon.psk; sourceTree = "<group>"; };
		333F9D211B5C1B7700100D81 /* PigeonDh.png */ = {isa = PBXFileReference; lastKnownFileType = image.png; path = PigeonDh.png; sourceTree = "<group>"; };
		333F9D221B5C1B7700100D81 /* PigeonEyeDh.png */ = {isa = PBXFileReference; lastKnownFileType = image.png; path = PigeonEyeDh.png; sourceTree = "<group>"; };
		333F9D231B5C1B7700100D81 /* PigeonSpecularDh.png */ = {isa = PBXFileReference; lastKnownFileType = image.png; path = PigeonSpecularDh.png; sourceTree = "<group>"; };
		334C03A71B4F97E500D8DC09 /* PerlinNoise.cpp */ = {isa = PBXFileReference; fileEncoding = 4; lastKnownFileType = sourcecode.cpp.cpp; path = PerlinNoise.cpp; sourceTree = "<group>"; };
		334C03A81B4F97E500D8DC09 /* PerlinNoise.h */ = {isa = PBXFileReference; fileEncoding = 4; lastKnownFileType = sourcecode.c.h; path = PerlinNoise.h; sourceTree = "<group>"; };
		334C03AA1B52172A00D8DC09 /* Landscape.cpp */ = {isa = PBXFileReference; fileEncoding = 4; lastKnownFileType = sourcecode.cpp.cpp; path = Landscape.cpp; sourceTree = "<group>"; };
		334C03AB1B52172A00D8DC09 /* Landscape.h */ = {isa = PBXFileReference; fileEncoding = 4; lastKnownFileType = sourcecode.c.h; path = Landscape.h; sourceTree = "<group>"; };
		338DE5311B3B1EDF0064B16D /* main.cpp */ = {isa = PBXFileReference; lastKnownFileType = sourcecode.cpp.cpp; name = main.cpp; path = Project/main.cpp; sourceTree = "<group>"; };
		338DE5571B3B7E8A0064B16D /* OpenGL.framework */ = {isa = PBXFileReference; lastKnownFileType = wrapper.framework; name = OpenGL.framework; path = System/Library/Frameworks/OpenGL.framework; sourceTree = SDKROOT; };
		338DE5591B3B7E8F0064B16D /* CoreVideo.framework */ = {isa = PBXFileReference; lastKnownFileType = wrapper.framework; name = CoreVideo.framework; path = System/Library/Frameworks/CoreVideo.framework; sourceTree = SDKROOT; };
		338DE55B1B3B7E930064B16D /* IOKit.framework */ = {isa = PBXFileReference; lastKnownFileType = wrapper.framework; name = IOKit.framework; path = System/Library/Frameworks/IOKit.framework; sourceTree = SDKROOT; };
		338DE55D1B3B7E9B0064B16D /* Cocoa.framework */ = {isa = PBXFileReference; lastKnownFileType = wrapper.framework; name = Cocoa.framework; path = System/Library/Frameworks/Cocoa.framework; sourceTree = SDKROOT; };
		338DE5681B3BB21E0064B16D /* Mesh.cpp */ = {isa = PBXFileReference; fileEncoding = 4; lastKnownFileType = sourcecode.cpp.cpp; path = Mesh.cpp; sourceTree = "<group>"; };
		338DE5691B3BB21E0064B16D /* Mesh.h */ = {isa = PBXFileReference; fileEncoding = 4; lastKnownFileType = sourcecode.c.h; path = Mesh.h; sourceTree = "<group>"; };
		338DE56B1B3BC0A90064B16D /* Model.cpp */ = {isa = PBXFileReference; fileEncoding = 4; lastKnownFileType = sourcecode.cpp.cpp; path = Model.cpp; sourceTree = "<group>"; };
		338DE56C1B3BC0A90064B16D /* Model.h */ = {isa = PBXFileReference; fileEncoding = 4; lastKnownFileType = sourcecode.c.h; path = Model.h; sourceTree = "<group>"; };
		338DE5701B3C62860064B16D /* CoreFoundation.framework */ = {isa = PBXFileReference; lastKnownFileType = wrapper.framework; name = CoreFoundation.framework; path = System/Library/Frameworks/CoreFoundation.framework; sourceTree = SDKROOT; };
		338DE5781B3F3CEE0064B16D /* Character.cpp */ = {isa = PBXFileReference; fileEncoding = 4; lastKnownFileType = sourcecode.cpp.cpp; path = Character.cpp; sourceTree = "<group>"; };
		338DE5791B3F3CEE0064B16D /* Character.h */ = {isa = PBXFileReference; fileEncoding = 4; lastKnownFileType = sourcecode.c.h; path = Character.h; sourceTree = "<group>"; };
		338DE57B1B3F3D580064B16D /* Player.cpp */ = {isa = PBXFileReference; fileEncoding = 4; lastKnownFileType = sourcecode.cpp.cpp; path = Player.cpp; sourceTree = "<group>"; };
		338DE57C1B3F3D580064B16D /* Player.h */ = {isa = PBXFileReference; fileEncoding = 4; lastKnownFileType = sourcecode.c.h; path = Player.h; sourceTree = "<group>"; };
		338DE57F1B3F95D90064B16D /* Loader.cpp */ = {isa = PBXFileReference; fileEncoding = 4; lastKnownFileType = sourcecode.cpp.cpp; path = Loader.cpp; sourceTree = "<group>"; };
		338DE5801B3F95DA0064B16D /* Loader.h */ = {isa = PBXFileReference; fileEncoding = 4; lastKnownFileType = sourcecode.c.h; path = Loader.h; sourceTree = "<group>"; };
		338DE58A1B3F99BF0064B16D /* SimpleModel.frag */ = {isa = PBXFileReference; fileEncoding = 4; lastKnownFileType = sourcecode.glsl; path = SimpleModel.frag; sourceTree = "<group>"; };
		338DE58B1B3F99BF0064B16D /* SimpleModel.vert */ = {isa = PBXFileReference; fileEncoding = 4; lastKnownFileType = sourcecode.glsl; path = SimpleModel.vert; sourceTree = "<group>"; };
		338DE58D1B3FA2F20064B16D /* shader.vert */ = {isa = PBXFileReference; fileEncoding = 4; lastKnownFileType = sourcecode.glsl; path = shader.vert; sourceTree = "<group>"; };
		338DE58E1B3FA3080064B16D /* shader.frag */ = {isa = PBXFileReference; fileEncoding = 4; lastKnownFileType = sourcecode.glsl; path = shader.frag; sourceTree = "<group>"; };
		338DE5921B3FB9B90064B16D /* Camera.cpp */ = {isa = PBXFileReference; fileEncoding = 4; lastKnownFileType = sourcecode.cpp.cpp; path = Camera.cpp; sourceTree = "<group>"; };
		338DE5931B3FB9B90064B16D /* Camera.h */ = {isa = PBXFileReference; fileEncoding = 4; lastKnownFileType = sourcecode.c.h; path = Camera.h; sourceTree = "<group>"; };
		338DE5951B3FC2FB0064B16D /* Keyboard.cpp */ = {isa = PBXFileReference; fileEncoding = 4; lastKnownFileType = sourcecode.cpp.cpp; path = Keyboard.cpp; sourceTree = "<group>"; };
		338DE5961B3FC2FB0064B16D /* Keyboard.h */ = {isa = PBXFileReference; fileEncoding = 4; lastKnownFileType = sourcecode.c.h; path = Keyboard.h; sourceTree = "<group>"; };
		338DE5991B3FD1860064B16D /* Project */ = {isa = PBXFileReference; explicitFileType = "compiled.mach-o.executable"; includeInIndex = 0; path = Project; sourceTree = BUILT_PRODUCTS_DIR; };
		338DE59A1B3FD2360064B16D /* World.cpp */ = {isa = PBXFileReference; fileEncoding = 4; lastKnownFileType = sourcecode.cpp.cpp; path = World.cpp; sourceTree = "<group>"; };
		338DE59B1B3FD2360064B16D /* World.h */ = {isa = PBXFileReference; fileEncoding = 4; lastKnownFileType = sourcecode.c.h; path = World.h; sourceTree = "<group>"; };
		338DE59D1B423C0C0064B16D /* ShaderManager.cpp */ = {isa = PBXFileReference; fileEncoding = 4; lastKnownFileType = sourcecode.cpp.cpp; path = ShaderManager.cpp; sourceTree = "<group>"; };
		338DE59E1B423C0C0064B16D /* ShaderManager.h */ = {isa = PBXFileReference; fileEncoding = 4; lastKnownFileType = sourcecode.c.h; path = ShaderManager.h; sourceTree = "<group>"; };
		338DE5A01B43B56C0064B16D /* TexturedMesh.cpp */ = {isa = PBXFileReference; fileEncoding = 4; lastKnownFileType = sourcecode.cpp.cpp; path = TexturedMesh.cpp; sourceTree = "<group>"; };
		338DE5A11B43B56C0064B16D /* TexturedMesh.h */ = {isa = PBXFileReference; fileEncoding = 4; lastKnownFileType = sourcecode.c.h; path = TexturedMesh.h; sourceTree = "<group>"; };
		338DE5A31B43BE390064B16D /* Ground.vert */ = {isa = PBXFileReference; fileEncoding = 4; lastKnownFileType = sourcecode.glsl; path = Ground.vert; sourceTree = "<group>"; };
		338DE5A41B43BE430064B16D /* Ground.frag */ = {isa = PBXFileReference; fileEncoding = 4; lastKnownFileType = sourcecode.glsl; path = Ground.frag; sourceTree = "<group>"; };
		33BA770F1B5CB6CC004431BA /* Cocoon.dae */ = {isa = PBXFileReference; fileEncoding = 4; lastKnownFileType = text.xml.dae; path = Cocoon.dae; sourceTree = "<group>"; };
		33BA77101B5CB6CC004431BA /* Cocoon.psk */ = {isa = PBXFileReference; lastKnownFileType = file; path = Cocoon.psk; sourceTree = "<group>"; };
		33BA77111B5CB6CC004431BA /* Cocoon.smd */ = {isa = PBXFileReference; fileEncoding = 4; lastKnownFileType = text; path = Cocoon.smd; sourceTree = "<group>"; };
		33BA77121B5CB6CC004431BA /* CocoonDh.png */ = {isa = PBXFileReference; lastKnownFileType = image.png; path = CocoonDh.png; sourceTree = "<group>"; };
		33BA77131B5CB6CC004431BA /* CocoonEyeDh.png */ = {isa = PBXFileReference; lastKnownFileType = image.png; path = CocoonEyeDh.png; sourceTree = "<group>"; };
		33BA77141B5CB6CC004431BA /* CocoonSpecularDh.png */ = {isa = PBXFileReference; lastKnownFileType = image.png; path = CocoonSpecularDh.png; sourceTree = "<group>"; };
		33BA77151B5CB6CC004431BA /* Kakuna.mtl */ = {isa = PBXFileReference; fileEncoding = 4; lastKnownFileType = text; path = Kakuna.mtl; sourceTree = "<group>"; };
		33BA77161B5CB6CC004431BA /* Kakuna.obj */ = {isa = PBXFileReference; fileEncoding = 4; lastKnownFileType = text; path = Kakuna.obj; sourceTree = "<group>"; };
		33BA77171B5CB6CC004431BA /* Thumbs.db */ = {isa = PBXFileReference; lastKnownFileType = file; path = Thumbs.db; sourceTree = "<group>"; };
		33BA77191B5CC3FF004431BA /* Cloud Flower.mtl */ = {isa = PBXFileReference; fileEncoding = 4; lastKnownFileType = text; path = "Cloud Flower.mtl"; sourceTree = "<group>"; };
		33BA771A1B5CC3FF004431BA /* Cloud Flower.obj */ = {isa = PBXFileReference; fileEncoding = 4; lastKnownFileType = text; path = "Cloud Flower.obj"; sourceTree = "<group>"; };
		33BA771D1B5D3DA6004431BA /* CloudFlower_3dsPowerUpCluod.jpg */ = {isa = PBXFileReference; lastKnownFileType = image.jpeg; path = CloudFlower_3dsPowerUpCluod.jpg; sourceTree = "<group>"; };
		33BA771E1B5D3DA6004431BA /* ClouMM00.jpg */ = {isa = PBXFileReference; lastKnownFileType = image.jpeg; path = ClouMM00.jpg; sourceTree = "<group>"; };
		33BA77201B5DA397004431BA /* Squirtle.dae */ = {isa = PBXFileReference; fileEncoding = 4; lastKnownFileType = text.xml.dae; path = Squirtle.dae; sourceTree = "<group>"; };
		33BA77211B5DA397004431BA /* Zenigame.mtl */ = {isa = PBXFileReference; fileEncoding = 4; lastKnownFileType = text; path = Zenigame.mtl; sourceTree = "<group>"; };
		33BA77221B5DA397004431BA /* Zenigame.obj */ = {isa = PBXFileReference; fileEncoding = 4; lastKnownFileType = text; path = Zenigame.obj; sourceTree = "<group>"; };
		33BA77231B5DA397004431BA /* Zenigame.psk */ = {isa = PBXFileReference; lastKnownFileType = file; path = Zenigame.psk; sourceTree = "<group>"; };
		33BA77241B5DA397004431BA /* Zenigame.smd */ = {isa = PBXFileReference; fileEncoding = 4; lastKnownFileType = text; path = Zenigame.smd; sourceTree = "<group>"; };
		33BA77251B5DA397004431BA /* ZenigameDh.png */ = {isa = PBXFileReference; lastKnownFileType = image.png; path = ZenigameDh.png; sourceTree = "<group>"; };
		33BA77261B5DA397004431BA /* ZenigameEyeDh.png */ = {isa = PBXFileReference; lastKnownFileType = image.png; path = ZenigameEyeDh.png; sourceTree = "<group>"; };
		33BA77271B5DA397004431BA /* ZenigameSpecularDh.png */ = {isa = PBXFileReference; lastKnownFileType = image.png; path = ZenigameSpecularDh.png; sourceTree = "<group>"; };
		33BA77291B5DA3A4004431BA /* Charmander.dae */ = {isa = PBXFileReference; fileEncoding = 4; lastKnownFileType = text.xml.dae; path = Charmander.dae; sourceTree = "<group>"; };
		33BA772A1B5DA3A4004431BA /* Hitokage.mtl */ = {isa = PBXFileReference; fileEncoding = 4; lastKnownFileType = text; path = Hitokage.mtl; sourceTree = "<group>"; };
		33BA772B1B5DA3A4004431BA /* Hitokage.obj */ = {isa = PBXFileReference; fileEncoding = 4; lastKnownFileType = text; path = Hitokage.obj; sourceTree = "<group>"; };
		33BA772C1B5DA3A4004431BA /* Hitokage.psk */ = {isa = PBXFileReference; lastKnownFileType = file; path = Hitokage.psk; sourceTree = "<group>"; };
		33BA772D1B5DA3A4004431BA /* Hitokage.smd */ = {isa = PBXFileReference; fileEncoding = 4; lastKnownFileType = text; path = Hitokage.smd; sourceTree = "<group>"; };
		33BA772E1B5DA3A4004431BA /* HitokageDh.png */ = {isa = PBXFileReference; lastKnownFileType = image.png; path = HitokageDh.png; sourceTree = "<group>"; };
		33BA772F1B5DA3A4004431BA /* HitokageEyeDh.png */ = {isa = PBXFileReference; lastKnownFileType = image.png; path = HitokageEyeDh.png; sourceTree = "<group>"; };
		33BA77301B5DA3A4004431BA /* HitokageSpecularDh.png */ = {isa = PBXFileReference; lastKnownFileType = image.png; path = HitokageSpecularDh.png; sourceTree = "<group>"; };
		33BA77321B5DD7CB004431BA /* Credits.txt */ = {isa = PBXFileReference; fileEncoding = 4; lastKnownFileType = text; path = Credits.txt; sourceTree = "<group>"; };
		33BA77331B5DD7CB004431BA /* Mukubird.psk */ = {isa = PBXFileReference; lastKnownFileType = file; path = Mukubird.psk; sourceTree = "<group>"; };
		33BA77341B5DD7CB004431BA /* MukubirdDh.png */ = {isa = PBXFileReference; lastKnownFileType = image.png; path = MukubirdDh.png; sourceTree = "<group>"; };
		33BA77351B5DD7CB004431BA /* MukubirdEyeDh.png */ = {isa = PBXFileReference; lastKnownFileType = image.png; path = MukubirdEyeDh.png; sourceTree = "<group>"; };
		33BA77361B5DD7CB004431BA /* Mukubirdout.obj */ = {isa = PBXFileReference; fileEncoding = 4; lastKnownFileType = text; path = Mukubirdout.obj; sourceTree = "<group>"; };
		33BA77371B5DD7CB004431BA /* Mukubirdout.smd */ = {isa = PBXFileReference; fileEncoding = 4; lastKnownFileType = text; path = Mukubirdout.smd; sourceTree = "<group>"; };
		33BA77381B5DD7CB004431BA /* MukubirdSpecularDh.png */ = {isa = PBXFileReference; lastKnownFileType = image.png; path = MukubirdSpecularDh.png; sourceTree = "<group>"; };
		33BA77391B5DD7CB004431BA /* Staravia.dae */ = {isa = PBXFileReference; fileEncoding = 4; lastKnownFileType = text.xml.dae; path = Staravia.dae; sourceTree = "<group>"; };
		33BA773B1B5DD82F004431BA /* Credits.txt */ = {isa = PBXFileReference; fileEncoding = 4; lastKnownFileType = text; path = Credits.txt; sourceTree = "<group>"; };
		33BA773C1B5DD82F004431BA /* Glion.psk */ = {isa = PBXFileReference; lastKnownFileType = file; path = Glion.psk; sourceTree = "<group>"; };
		33BA773D1B5DD82F004431BA /* GlionDh.png */ = {isa = PBXFileReference; lastKnownFileType = image.png; path = GlionDh.png; sourceTree = "<group>"; };
		33BA773E1B5DD82F004431BA /* GlionEyeDh.png */ = {isa = PBXFileReference; lastKnownFileType = image.png; path = GlionEyeDh.png; sourceTree = "<group>"; };
		33BA773F1B5DD82F004431BA /* Glionout.obj */ = {isa = PBXFileReference; fileEncoding = 4; lastKnownFileType = text; path = Glionout.obj; sourceTree = "<group>"; };
		33BA77401B5DD82F004431BA /* Glionout.smd */ = {isa = PBXFileReference; fileEncoding = 4; lastKnownFileType = text; path = Glionout.smd; sourceTree = "<group>"; };
		33BA77411B5DD82F004431BA /* GlionSpecularDh.png */ = {isa = PBXFileReference; lastKnownFileType = image.png; path = GlionSpecularDh.png; sourceTree = "<group>"; };
		33BA77421B5DD82F004431BA /* Gliscor.dae */ = {isa = PBXFileReference; fileEncoding = 4; lastKnownFileType = text.xml.dae; path = Gliscor.dae; sourceTree = "<group>"; };
		33BA77441B5DD99D004431BA /* Credits.txt */ = {isa = PBXFileReference; fileEncoding = 4; lastKnownFileType = text; path = Credits.txt; sourceTree = "<group>"; };
		33BA77451B5DD99D004431BA /* Scyther.dae */ = {isa = PBXFileReference; fileEncoding = 4; lastKnownFileType = text.xml.dae; path = Scyther.dae; sourceTree = "<group>"; };
		33BA77461B5DD99D004431BA /* Strike.psk */ = {isa = PBXFileReference; lastKnownFileType = file; path = Strike.psk; sourceTree = "<group>"; };
		33BA77471B5DD99D004431BA /* StrikeDh.png */ = {isa = PBXFileReference; lastKnownFileType = image.png; path = StrikeDh.png; sourceTree = "<group>"; };
		33BA77481B5DD99D004431BA /* StrikeEyeDh.png */ = {isa = PBXFileReference; lastKnownFileType = image.png; path = StrikeEyeDh.png; sourceTree = "<group>"; };
		33BA77491B5DD99D004431BA /* Strikeout.obj */ = {isa = PBXFileReference; fileEncoding = 4; lastKnownFileType = text; path = Strikeout.obj; sourceTree = "<group>"; };
		33BA774A1B5DD99D004431BA /* Strikeout.smd */ = {isa = PBXFileReference; fileEncoding = 4; lastKnownFileType = text; path = Strikeout.smd; sourceTree = "<group>"; };
		33BA774B1B5DD99D004431BA /* StrikeSpecularDh.png */ = {isa = PBXFileReference; lastKnownFileType = image.png; path = StrikeSpecularDh.png; sourceTree = "<group>"; };
		33BA774D1B5DD9D1004431BA /* Bohmander.psk */ = {isa = PBXFileReference; lastKnownFileType = file; path = Bohmander.psk; sourceTree = "<group>"; };
		33BA774E1B5DD9D1004431BA /* BohmanderDh.png */ = {isa = PBXFileReference; lastKnownFileType = image.png; path = BohmanderDh.png; sourceTree = "<group>"; };
		33BA774F1B5DD9D1004431BA /* BohmanderEyeDh.png */ = {isa = PBXFileReference; lastKnownFileType = image.png; path = BohmanderEyeDh.png; sourceTree = "<group>"; };
		33BA77501B5DD9D1004431BA /* Bohmanderout.obj */ = {isa = PBXFileReference; fileEncoding = 4; lastKnownFileType = text; path = Bohmanderout.obj; sourceTree = "<group>"; };
		33BA77511B5DD9D1004431BA /* Bohmanderout.smd */ = {isa = PBXFileReference; fileEncoding = 4; lastKnownFileType = text; path = Bohmanderout.smd; sourceTree = "<group>"; };
		33BA77521B5DD9D1004431BA /* BohmanderSpecularDh.png */ = {isa = PBXFileReference; lastKnownFileType = image.png; path = BohmanderSpecularDh.png; sourceTree = "<group>"; };
		33BA77531B5DD9D1004431BA /* Credits.txt */ = {isa = PBXFileReference; fileEncoding = 4; lastKnownFileType = text; path = Credits.txt; sourceTree = "<group>"; };
		33BA77541B5DD9D1004431BA /* Salamence.dae */ = {isa = PBXFileReference; fileEncoding = 4; lastKnownFileType = text.xml.dae; path = Salamence.dae; sourceTree = "<group>"; };
		33BA77561B5DD9D1004431BA /* Credits.txt */ = {isa = PBXFileReference; fileEncoding = 4; lastKnownFileType = text; path = Credits.txt; sourceTree = "<group>"; };
		33BA77571B5DD9D1004431BA /* Scyther.dae */ = {isa = PBXFileReference; fileEncoding = 4; lastKnownFileType = text.xml.dae; path = Scyther.dae; sourceTree = "<group>"; };
		33BA77581B5DD9D1004431BA /* Strike.psk */ = {isa = PBXFileReference; lastKnownFileType = file; path = Strike.psk; sourceTree = "<group>"; };
		33BA77591B5DD9D1004431BA /* StrikeDh.png */ = {isa = PBXFileReference; lastKnownFileType = image.png; path = StrikeDh.png; sourceTree = "<group>"; };
		33BA775A1B5DD9D1004431BA /* StrikeEyeDh.png */ = {isa = PBXFileReference; lastKnownFileType = image.png; path = StrikeEyeDh.png; sourceTree = "<group>"; };
		33BA775B1B5DD9D1004431BA /* Strikeout.obj */ = {isa = PBXFileReference; fileEncoding = 4; lastKnownFileType = text; path = Strikeout.obj; sourceTree = "<group>"; };
		33BA775C1B5DD9D1004431BA /* Strikeout.smd */ = {isa = PBXFileReference; fileEncoding = 4; lastKnownFileType = text; path = Strikeout.smd; sourceTree = "<group>"; };
		33BA775D1B5DD9D1004431BA /* StrikeSpecularDh.png */ = {isa = PBXFileReference; lastKnownFileType = image.png; path = StrikeSpecularDh.png; sourceTree = "<group>"; };
		33BA775F1B5DDA95004431BA /* Bohmander.psk */ = {isa = PBXFileReference; lastKnownFileType = file; path = Bohmander.psk; sourceTree = "<group>"; };
		33BA77601B5DDA95004431BA /* BohmanderDh.png */ = {isa = PBXFileReference; lastKnownFileType = image.png; path = BohmanderDh.png; sourceTree = "<group>"; };
		33BA77611B5DDA95004431BA /* BohmanderEyeDh.png */ = {isa = PBXFileReference; lastKnownFileType = image.png; path = BohmanderEyeDh.png; sourceTree = "<group>"; };
		33BA77621B5DDA95004431BA /* Bohmanderout.obj */ = {isa = PBXFileReference; fileEncoding = 4; lastKnownFileType = text; path = Bohmanderout.obj; sourceTree = "<group>"; };
		33BA77631B5DDA95004431BA /* Bohmanderout.smd */ = {isa = PBXFileReference; fileEncoding = 4; lastKnownFileType = text; path = Bohmanderout.smd; sourceTree = "<group>"; };
		33BA77641B5DDA95004431BA /* BohmanderSpecularDh.png */ = {isa = PBXFileReference; lastKnownFileType = image.png; path = BohmanderSpecularDh.png; sourceTree = "<group>"; };
		33BA77651B5DDA95004431BA /* Credits.txt */ = {isa = PBXFileReference; fileEncoding = 4; lastKnownFileType = text; path = Credits.txt; sourceTree = "<group>"; };
		33BA77661B5DDA95004431BA /* Salamence.dae */ = {isa = PBXFileReference; fileEncoding = 4; lastKnownFileType = text.xml.dae; path = Salamence.dae; sourceTree = "<group>"; };
		33BA77681B5DDE86004431BA /* Credits.txt */ = {isa = PBXFileReference; lastKnownFileType = text; path = Credits.txt; sourceTree = "<group>"; };
		33BA77691B5DDE86004431BA /* Jumpluff.dae */ = {isa = PBXFileReference; lastKnownFileType = text.xml.dae; path = Jumpluff.dae; sourceTree = "<group>"; };
		33BA776A1B5DDE86004431BA /* Watacco.psk */ = {isa = PBXFileReference; lastKnownFileType = file; path = Watacco.psk; sourceTree = "<group>"; };
		33BA776B1B5DDE86004431BA /* WataccoDh.png */ = {isa = PBXFileReference; lastKnownFileType = image.png; path = WataccoDh.png; sourceTree = "<group>"; };
		33BA776C1B5DDE86004431BA /* WataccoEyeDh.png */ = {isa = PBXFileReference; lastKnownFileType = image.png; path = WataccoEyeDh.png; sourceTree = "<group>"; };
		33BA776D1B5DDE86004431BA /* WataccoMouthDh.png */ = {isa = PBXFileReference; lastKnownFileType = image.png; path = WataccoMouthDh.png; sourceTree = "<group>"; };
		33BA776E1B5DDE86004431BA /* Wataccoout.obj */ = {isa = PBXFileReference; lastKnownFileType = text; path = Wataccoout.obj; sourceTree = "<group>"; };
		33BA776F1B5DDE86004431BA /* Wataccoout.smd */ = {isa = PBXFileReference; lastKnownFileType = text; path = Wataccoout.smd; sourceTree = "<group>"; };
		33BA77701B5DDE86004431BA /* WataccoSpecularDh.png */ = {isa = PBXFileReference; lastKnownFileType = image.png; path = WataccoSpecularDh.png; sourceTree = "<group>"; };
		33BA77711B5DDE86004431BA /* WataccoWataDh.png */ = {isa = PBXFileReference; lastKnownFileType = image.png; path = WataccoWataDh.png; sourceTree = "<group>"; };
		33BA77731B5DDE86004431BA /* Credits.txt */ = {isa = PBXFileReference; lastKnownFileType = text; path = Credits.txt; sourceTree = "<group>"; };
		33BA77741B5DDE86004431BA /* Eevee.dae */ = {isa = PBXFileReference; lastKnownFileType = text.xml.dae; path = Eevee.dae; sourceTree = "<group>"; };
		33BA77751B5DDE86004431BA /* Eievui.psk */ = {isa = PBXFileReference; lastKnownFileType = file; path = Eievui.psk; sourceTree = "<group>"; };
		33BA77761B5DDE86004431BA /* EievuiDh.png */ = {isa = PBXFileReference; lastKnownFileType = image.png; path = EievuiDh.png; sourceTree = "<group>"; };
		33BA77771B5DDE86004431BA /* EievuiEyeDh.png */ = {isa = PBXFileReference; lastKnownFileType = image.png; path = EievuiEyeDh.png; sourceTree = "<group>"; };
		33BA77781B5DDE86004431BA /* EievuiMouthDh.png */ = {isa = PBXFileReference; lastKnownFileType = image.png; path = EievuiMouthDh.png; sourceTree = "<group>"; };
		33BA77791B5DDE86004431BA /* Eievuiout.obj */ = {isa = PBXFileReference; lastKnownFileType = text; path = Eievuiout.obj; sourceTree = "<group>"; };
		33BA777A1B5DDE86004431BA /* Eievuiout.smd */ = {isa = PBXFileReference; lastKnownFileType = text; path = Eievuiout.smd; sourceTree = "<group>"; };
		33BA777B1B5DDE86004431BA /* EievuiSpecularDh.png */ = {isa = PBXFileReference; lastKnownFileType = image.png; path = EievuiSpecularDh.png; sourceTree = "<group>"; };
		33BA777D1B5DDE86004431BA /* Credits.txt */ = {isa = PBXFileReference; lastKnownFileType = text; path = Credits.txt; sourceTree = "<group>"; };
		33BA777E1B5DDE86004431BA /* Gonbe.psk */ = {isa = PBXFileReference; lastKnownFileType = file; path = Gonbe.psk; sourceTree = "<group>"; };
		33BA777F1B5DDE86004431BA /* GonbeDh.png */ = {isa = PBXFileReference; lastKnownFileType = image.png; path = GonbeDh.png; sourceTree = "<group>"; };
		33BA77801B5DDE86004431BA /* GonbeEyeDh.png */ = {isa = PBXFileReference; lastKnownFileType = image.png; path = GonbeEyeDh.png; sourceTree = "<group>"; };
		33BA77811B5DDE86004431BA /* Gonbeout.obj */ = {isa = PBXFileReference; lastKnownFileType = text; path = Gonbeout.obj; sourceTree = "<group>"; };
		33BA77821B5DDE86004431BA /* Gonbeout.smd */ = {isa = PBXFileReference; lastKnownFileType = text; path = Gonbeout.smd; sourceTree = "<group>"; };
		33BA77831B5DDE86004431BA /* GonbeSpecularDh.png */ = {isa = PBXFileReference; lastKnownFileType = image.png; path = GonbeSpecularDh.png; sourceTree = "<group>"; };
		33BA77841B5DDE86004431BA /* Munchlax.dae */ = {isa = PBXFileReference; lastKnownFileType = text.xml.dae; path = Munchlax.dae; sourceTree = "<group>"; };
		33BA77861B5DDE86004431BA /* Credits.txt */ = {isa = PBXFileReference; lastKnownFileType = text; path = Credits.txt; sourceTree = "<group>"; };
		33BA77871B5DDE86004431BA /* Fukamaru.psk */ = {isa = PBXFileReference; lastKnownFileType = file; path = Fukamaru.psk; sourceTree = "<group>"; };
		33BA77881B5DDE86004431BA /* FukamaruDh.png */ = {isa = PBXFileReference; lastKnownFileType = image.png; path = FukamaruDh.png; sourceTree = "<group>"; };
		33BA77891B5DDE86004431BA /* FukamaruEyeDh.png */ = {isa = PBXFileReference; lastKnownFileType = image.png; path = FukamaruEyeDh.png; sourceTree = "<group>"; };
		33BA778A1B5DDE86004431BA /* Fukamaruout.obj */ = {isa = PBXFileReference; lastKnownFileType = text; path = Fukamaruout.obj; sourceTree = "<group>"; };
		33BA778B1B5DDE86004431BA /* Fukamaruout.smd */ = {isa = PBXFileReference; lastKnownFileType = text; path = Fukamaruout.smd; sourceTree = "<group>"; };
		33BA778C1B5DDE86004431BA /* FukamaruSpecularDh.png */ = {isa = PBXFileReference; lastKnownFileType = image.png; path = FukamaruSpecularDh.png; sourceTree = "<group>"; };
		33BA778D1B5DDE86004431BA /* Gible.dae */ = {isa = PBXFileReference; lastKnownFileType = text.xml.dae; path = Gible.dae; sourceTree = "<group>"; };
		33BA778F1B5DE03F004431BA /* Meowth.mtl */ = {isa = PBXFileReference; lastKnownFileType = text; path = Meowth.mtl; sourceTree = "<group>"; };
		33BA77901B5DE03F004431BA /* Meowth.obj */ = {isa = PBXFileReference; lastKnownFileType = text; path = Meowth.obj; sourceTree = "<group>"; };
		33BA77911B5DE03F004431BA /* Nyarth.dae */ = {isa = PBXFileReference; lastKnownFileType = text.xml.dae; path = Nyarth.dae; sourceTree = "<group>"; };
		33BA77921B5DE03F004431BA /* Nyarth.psk */ = {isa = PBXFileReference; lastKnownFileType = file; path = Nyarth.psk; sourceTree = "<group>"; };
		33BA77931B5DE03F004431BA /* Nyarth.smd */ = {isa = PBXFileReference; lastKnownFileType = text; path = Nyarth.smd; sourceTree = "<group>"; };
		33BA77941B5DE03F004431BA /* NyarthDh.png */ = {isa = PBXFileReference; lastKnownFileType = image.png; path = NyarthDh.png; sourceTree = "<group>"; };
		33BA77951B5DE03F004431BA /* NyarthEyeDh.png */ = {isa = PBXFileReference; lastKnownFileType = image.png; path = NyarthEyeDh.png; sourceTree = "<group>"; };
		33BA77961B5DE03F004431BA /* NyarthMouthDh.png */ = {isa = PBXFileReference; lastKnownFileType = image.png; path = NyarthMouthDh.png; sourceTree = "<group>"; };
		33BA77971B5DE03F004431BA /* NyarthSpecularDh.png */ = {isa = PBXFileReference; lastKnownFileType = image.png; path = NyarthSpecularDh.png; sourceTree = "<group>"; };
		33BA77981B5DE03F004431BA /* Thumbs.db */ = {isa = PBXFileReference; lastKnownFileType = file; path = Thumbs.db; sourceTree = "<group>"; };
		33BA779A1B5DE03F004431BA /* Mankey.dae */ = {isa = PBXFileReference; lastKnownFileType = text.xml.dae; path = Mankey.dae; sourceTree = "<group>"; };
		33BA779B1B5DE03F004431BA /* Mankey.mtl */ = {isa = PBXFileReference; lastKnownFileType = text; path = Mankey.mtl; sourceTree = "<group>"; };
		33BA779C1B5DE03F004431BA /* Mankey.obj */ = {isa = PBXFileReference; lastKnownFileType = text; path = Mankey.obj; sourceTree = "<group>"; };
		33BA779D1B5DE03F004431BA /* Mankey.psk */ = {isa = PBXFileReference; lastKnownFileType = file; path = Mankey.psk; sourceTree = "<group>"; };
		33BA779E1B5DE03F004431BA /* Mankey.smd */ = {isa = PBXFileReference; lastKnownFileType = text; path = Mankey.smd; sourceTree = "<group>"; };
		33BA779F1B5DE03F004431BA /* MankeyDh.png */ = {isa = PBXFileReference; lastKnownFileType = image.png; path = MankeyDh.png; sourceTree = "<group>"; };
		33BA77A01B5DE03F004431BA /* MankeyEyeDh.png */ = {isa = PBXFileReference; lastKnownFileType = image.png; path = MankeyEyeDh.png; sourceTree = "<group>"; };
		33BA77A11B5DE03F004431BA /* MankeySpecularDh.png */ = {isa = PBXFileReference; lastKnownFileType = image.png; path = MankeySpecularDh.png; sourceTree = "<group>"; };
		33BA77A21B5DE03F004431BA /* Thumbs.db */ = {isa = PBXFileReference; lastKnownFileType = file; path = Thumbs.db; sourceTree = "<group>"; };
		33BA77A41B5DE03F004431BA /* Aipom.dae */ = {isa = PBXFileReference; lastKnownFileType = text.xml.dae; path = Aipom.dae; sourceTree = "<group>"; };
		33BA77A51B5DE03F004431BA /* Credits.txt */ = {isa = PBXFileReference; lastKnownFileType = text; path = Credits.txt; sourceTree = "<group>"; };
		33BA77A61B5DE03F004431BA /* Eipam.psk */ = {isa = PBXFileReference; lastKnownFileType = file; path = Eipam.psk; sourceTree = "<group>"; };
		33BA77A71B5DE03F004431BA /* EipamDh.png */ = {isa = PBXFileReference; lastKnownFileType = image.png; path = EipamDh.png; sourceTree = "<group>"; };
		33BA77A81B5DE03F004431BA /* EipamEyeDh.png */ = {isa = PBXFileReference; lastKnownFileType = image.png; path = EipamEyeDh.png; sourceTree = "<group>"; };
		33BA77A91B5DE03F004431BA /* Eipamout.obj */ = {isa = PBXFileReference; lastKnownFileType = text; path = Eipamout.obj; sourceTree = "<group>"; };
		33BA77AA1B5DE03F004431BA /* Eipamout.smd */ = {isa = PBXFileReference; lastKnownFileType = text; path = Eipamout.smd; sourceTree = "<group>"; };
		33BA77AB1B5DE03F004431BA /* EipamSpecularDh.png */ = {isa = PBXFileReference; lastKnownFileType = image.png; path = EipamSpecularDh.png; sourceTree = "<group>"; };
		33BA77B71B5DE15E004431BA /* Arcanine.dae */ = {isa = PBXFileReference; fileEncoding = 4; lastKnownFileType = text.xml.dae; path = Arcanine.dae; sourceTree = "<group>"; };
		33BA77B81B5DE15E004431BA /* Arcanine.mtl */ = {isa = PBXFileReference; fileEncoding = 4; lastKnownFileType = text; path = Arcanine.mtl; sourceTree = "<group>"; };
		33BA77B91B5DE15E004431BA /* Arcanine.obj */ = {isa = PBXFileReference; fileEncoding = 4; lastKnownFileType = text; path = Arcanine.obj; sourceTree = "<group>"; };
		33BA77BA1B5DE15E004431BA /* Thumbs.db */ = {isa = PBXFileReference; lastKnownFileType = file; path = Thumbs.db; sourceTree = "<group>"; };
		33BA77BB1B5DE15E004431BA /* Windie.psk */ = {isa = PBXFileReference; lastKnownFileType = file; path = Windie.psk; sourceTree = "<group>"; };
		33BA77BC1B5DE15E004431BA /* Windie.smd */ = {isa = PBXFileReference; fileEncoding = 4; lastKnownFileType = text; path = Windie.smd; sourceTree = "<group>"; };
		33BA77BD1B5DE15E004431BA /* WindieDh.png */ = {isa = PBXFileReference; lastKnownFileType = image.png; path = WindieDh.png; sourceTree = "<group>"; };
		33BA77BE1B5DE15E004431BA /* WindieEyeDh.png */ = {isa = PBXFileReference; lastKnownFileType = image.png; path = WindieEyeDh.png; sourceTree = "<group>"; };
		33BA77BF1B5DE15E004431BA /* WindieHairDh.png */ = {isa = PBXFileReference; lastKnownFileType = image.png; path = WindieHairDh.png; sourceTree = "<group>"; };
		33BA77C01B5DE15E004431BA /* WindieSpecularDh.png */ = {isa = PBXFileReference; lastKnownFileType = image.png; path = WindieSpecularDh.png; sourceTree = "<group>"; };
		33BA77C21B5DE64A004431BA /* Credits.txt */ = {isa = PBXFileReference; lastKnownFileType = text; path = Credits.txt; sourceTree = "<group>"; };
		33BA77C31B5DE64A004431BA /* Electrode.dae */ = {isa = PBXFileReference; lastKnownFileType = text.xml.dae; path = Electrode.dae; sourceTree = "<group>"; };
		33BA77C41B5DE64A004431BA /* Marumine.psk */ = {isa = PBXFileReference; lastKnownFileType = file; path = Marumine.psk; sourceTree = "<group>"; };
		33BA77C51B5DE64A004431BA /* MarumineDh.png */ = {isa = PBXFileReference; lastKnownFileType = image.png; path = MarumineDh.png; sourceTree = "<group>"; };
		33BA77C61B5DE64A004431BA /* MarumineEyeDh.png */ = {isa = PBXFileReference; lastKnownFileType = image.png; path = MarumineEyeDh.png; sourceTree = "<group>"; };
		33BA77C71B5DE64A004431BA /* MarumineMouthDh.png */ = {isa = PBXFileReference; lastKnownFileType = image.png; path = MarumineMouthDh.png; sourceTree = "<group>"; };
		33BA77C81B5DE64A004431BA /* Marumineout.obj */ = {isa = PBXFileReference; lastKnownFileType = text; path = Marumineout.obj; sourceTree = "<group>"; };
		33BA77C91B5DE64A004431BA /* Marumineout.smd */ = {isa = PBXFileReference; lastKnownFileType = text; path = Marumineout.smd; sourceTree = "<group>"; };
		33BA77CA1B5DE64A004431BA /* MarumineSpecularDh.png */ = {isa = PBXFileReference; lastKnownFileType = image.png; path = MarumineSpecularDh.png; sourceTree = "<group>"; };
		33CE93EC1B44E87400064738 /* back.jpg */ = {isa = PBXFileReference; lastKnownFileType = image.jpeg; path = back.jpg; sourceTree = "<group>"; };
		33CE93ED1B44E87400064738 /* bottom.jpg */ = {isa = PBXFileReference; lastKnownFileType = image.jpeg; path = bottom.jpg; sourceTree = "<group>"; };
		33CE93EE1B44E87400064738 /* front.jpg */ = {isa = PBXFileReference; lastKnownFileType = image.jpeg; path = front.jpg; sourceTree = "<group>"; };
		33CE93EF1B44E87400064738 /* left.jpg */ = {isa = PBXFileReference; lastKnownFileType = image.jpeg; path = left.jpg; sourceTree = "<group>"; };
		33CE93F01B44E87400064738 /* right.jpg */ = {isa = PBXFileReference; lastKnownFileType = image.jpeg; path = right.jpg; sourceTree = "<group>"; };
		33CE93F11B44E87400064738 /* top.jpg */ = {isa = PBXFileReference; lastKnownFileType = image.jpeg; path = top.jpg; sourceTree = "<group>"; };
		33CE93F21B44E91300064738 /* Skybox.cpp */ = {isa = PBXFileReference; fileEncoding = 4; lastKnownFileType = sourcecode.cpp.cpp; path = Skybox.cpp; sourceTree = "<group>"; };
		33CE93F31B44E91300064738 /* Skybox.h */ = {isa = PBXFileReference; fileEncoding = 4; lastKnownFileType = sourcecode.c.h; path = Skybox.h; sourceTree = "<group>"; };
		33CE93F51B44EB4500064738 /* SimpleSky.frag */ = {isa = PBXFileReference; fileEncoding = 4; lastKnownFileType = sourcecode.glsl; path = SimpleSky.frag; sourceTree = "<group>"; };
		33CE93F61B44EB5D00064738 /* SimpleSky.vert */ = {isa = PBXFileReference; fileEncoding = 4; lastKnownFileType = sourcecode.glsl; path = SimpleSky.vert; sourceTree = "<group>"; };
/* End PBXFileReference section */

/* Begin PBXFrameworksBuildPhase section */
		338DE52B1B3B1EDF0064B16D /* Frameworks */ = {
			isa = PBXFrameworksBuildPhase;
			buildActionMask = 2147483647;
			files = (
				338DE5711B3C62860064B16D /* CoreFoundation.framework in Frameworks */,
				338DE55E1B3B7E9B0064B16D /* Cocoa.framework in Frameworks */,
				338DE55C1B3B7E930064B16D /* IOKit.framework in Frameworks */,
				338DE55A1B3B7E8F0064B16D /* CoreVideo.framework in Frameworks */,
				338DE5581B3B7E8A0064B16D /* OpenGL.framework in Frameworks */,
			);
			runOnlyForDeploymentPostprocessing = 0;
		};
/* End PBXFrameworksBuildPhase section */

/* Begin PBXGroup section */
		333F9CD71B5804D800100D81 /* Models */ = {
			isa = PBXGroup;
			children = (
				33BA77C11B5DE64A004431BA /* Electrode */,
				33BA77B61B5DE15E004431BA /* Arcanine */,
				33BA778E1B5DE03F004431BA /* Meowth */,
				33BA77991B5DE03F004431BA /* Mankey */,
				33BA77A31B5DE03F004431BA /* Aipom */,
				33BA77671B5DDE86004431BA /* Jumpluff */,
				33BA77721B5DDE86004431BA /* Eevee */,
				33BA777C1B5DDE86004431BA /* Munchlax */,
				33BA77851B5DDE86004431BA /* Gible */,
				33BA775E1B5DDA95004431BA /* Salamence */,
				33BA77431B5DD99D004431BA /* Scyther */,
				33BA773A1B5DD82F004431BA /* Gliscor */,
				33BA77311B5DD7CB004431BA /* Staravia */,
				33BA77281B5DA3A4004431BA /* Charmander */,
				33BA771F1B5DA397004431BA /* Squirtle */,
				33BA77181B5CC3FF004431BA /* Flower */,
				33BA770E1B5CB6CC004431BA /* Kakuna */,
				333F9D111B5C1B4700100D81 /* Pidgeotto */,
				333F9CE91B5807AC00100D81 /* Bulbasaur */,
				333F9CD81B5804E200100D81 /* Pikachu */,
			);
			path = Models;
			sourceTree = "<group>";
		};
		333F9CD81B5804E200100D81 /* Pikachu */ = {
			isa = PBXGroup;
			children = (
				333F9CD91B5804FA00100D81 /* Pikachu.mtl */,
				333F9CDA1B5804FA00100D81 /* Pikachu.obj */,
				333F9CDB1B5804FA00100D81 /* Pikachu.smd */,
				333F9CDC1B5804FA00100D81 /* Pikachu.dae */,
				333F9CDD1B5804FA00100D81 /* Thumbs.db */,
				333F9CDE1B5804FA00100D81 /* Pikachu.psk */,
				333F9CDF1B5804FA00100D81 /* PikachuDh.png */,
				333F9CE01B5804FA00100D81 /* PikachuEyeDh.png */,
				333F9CE11B5804FA00100D81 /* PikachuHohoDh.png */,
				333F9CE21B5804FA00100D81 /* PikachuMouthDh.png */,
				333F9CE31B5804FA00100D81 /* PikachuSpecularDh.png */,
			);
			path = Pikachu;
			sourceTree = "<group>";
		};
		333F9CE91B5807AC00100D81 /* Bulbasaur */ = {
			isa = PBXGroup;
			children = (
				333F9CEA1B5807B900100D81 /* Bulbasaur.mtl */,
				333F9CEB1B5807B900100D81 /* Bulbasaur.obj */,
				333F9CEC1B5807B900100D81 /* Bulbasaur.dae */,
				333F9CED1B5807B900100D81 /* Bulbasaur.smd */,
				333F9CEE1B5807B900100D81 /* Fushigidane.psk */,
				333F9CEF1B5807B900100D81 /* FushigidaneDh.png */,
				333F9CF01B5807B900100D81 /* FushigidaneEyeDh.png */,
				333F9CF11B5807B900100D81 /* FushigidaneSpecularDh.png */,
			);
			path = Bulbasaur;
			sourceTree = "<group>";
		};
		333F9D011B5AF67300100D81 /* Fonts */ = {
			isa = PBXGroup;
			children = (
				333F9D021B5AF67300100D81 /* nevis_bold_12.PNG */,
				333F9D031B5AF67300100D81 /* nevis_bold_12.xml */,
			);
			path = Fonts;
			sourceTree = "<group>";
		};
		333F9D081B5B159D00100D81 /* Sounds */ = {
			isa = PBXGroup;
			children = (
				333F9D0E1B5B212200100D81 /* vaniville-town.wav */,
			);
			path = Sounds;
			sourceTree = "<group>";
		};
		333F9D111B5C1B4700100D81 /* Pidgeotto */ = {
			isa = PBXGroup;
			children = (
				333F9D1B1B5C1B7700100D81 /* Thumbs.db */,
				333F9D1C1B5C1B7700100D81 /* Pidgeotto.mtl */,
				333F9D1D1B5C1B7700100D81 /* Pidgeotto.obj */,
				333F9D1E1B5C1B7700100D81 /* Pidgeotto.dae */,
				333F9D1F1B5C1B7700100D81 /* Pigeon.smd */,
				333F9D201B5C1B7700100D81 /* Pigeon.psk */,
				333F9D211B5C1B7700100D81 /* PigeonDh.png */,
				333F9D221B5C1B7700100D81 /* PigeonEyeDh.png */,
				333F9D231B5C1B7700100D81 /* PigeonSpecularDh.png */,
			);
			path = Pidgeotto;
			sourceTree = "<group>";
		};
		334C03AD1B52289C00D8DC09 /* Textures */ = {
			isa = PBXGroup;
			children = (
				333F9CF81B5AB0E600100D81 /* uipackSpace_sheet.png */,
				333F9CF91B5AB0E600100D81 /* uipackSpace_sheet.xml */,
			);
			path = Textures;
			sourceTree = "<group>";
		};
		338DE5251B3B1EDF0064B16D = {
			isa = PBXGroup;
			children = (
				333F9D0F1B5B263300100D81 /* QuickTime.framework */,
				333F9D0A1B5B17C800100D81 /* OpenAL.framework */,
				33CE93E61B44E60E00064738 /* Resources */,
				338DE5701B3C62860064B16D /* CoreFoundation.framework */,
				338DE55D1B3B7E9B0064B16D /* Cocoa.framework */,
				338DE55B1B3B7E930064B16D /* IOKit.framework */,
				338DE5591B3B7E8F0064B16D /* CoreVideo.framework */,
				338DE5571B3B7E8A0064B16D /* OpenGL.framework */,
				338DE5671B3BB1F60064B16D /* Models */,
				338DE57E1B3F95D90064B16D /* Utils */,
				338DE5881B3F99BF0064B16D /* Shaders */,
				338DE5981B3FD1210064B16D /* Game */,
				338DE5311B3B1EDF0064B16D /* main.cpp */,
				338DE5991B3FD1860064B16D /* Project */,
			);
			sourceTree = "<group>";
		};
		338DE5671B3BB1F60064B16D /* Models */ = {
			isa = PBXGroup;
			children = (
				338DE5681B3BB21E0064B16D /* Mesh.cpp */,
				338DE5691B3BB21E0064B16D /* Mesh.h */,
				338DE56B1B3BC0A90064B16D /* Model.cpp */,
				338DE56C1B3BC0A90064B16D /* Model.h */,
				338DE5781B3F3CEE0064B16D /* Character.cpp */,
				338DE5791B3F3CEE0064B16D /* Character.h */,
				338DE57B1B3F3D580064B16D /* Player.cpp */,
				338DE57C1B3F3D580064B16D /* Player.h */,
				338DE5A01B43B56C0064B16D /* TexturedMesh.cpp */,
				338DE5A11B43B56C0064B16D /* TexturedMesh.h */,
				33CE93F21B44E91300064738 /* Skybox.cpp */,
				33CE93F31B44E91300064738 /* Skybox.h */,
				334C03AA1B52172A00D8DC09 /* Landscape.cpp */,
				334C03AB1B52172A00D8DC09 /* Landscape.h */,
				333F9CCE1B54AB2F00100D81 /* Forest.cpp */,
				333F9CCF1B54AB2F00100D81 /* Forest.h */,
			);
			path = Models;
			sourceTree = "<group>";
		};
		338DE57E1B3F95D90064B16D /* Utils */ = {
			isa = PBXGroup;
			children = (
				333F9D041B5AFCE900100D81 /* pugiconfig.hpp */,
				333F9D051B5AFCE900100D81 /* pugixml.cpp */,
				333F9D061B5AFCE900100D81 /* pugixml.hpp */,
				338DE57F1B3F95D90064B16D /* Loader.cpp */,
				338DE5801B3F95DA0064B16D /* Loader.h */,
				338DE59D1B423C0C0064B16D /* ShaderManager.cpp */,
				338DE59E1B423C0C0064B16D /* ShaderManager.h */,
				334C03A71B4F97E500D8DC09 /* PerlinNoise.cpp */,
				334C03A81B4F97E500D8DC09 /* PerlinNoise.h */,
				333F9CD61B56040D00100D81 /* Intersection.h */,
				333F9CFF1B5ABD3000100D81 /* Intersection.cpp */,
			);
			path = Utils;
			sourceTree = "<group>";
		};
		338DE5881B3F99BF0064B16D /* Shaders */ = {
			isa = PBXGroup;
			children = (
				338DE5891B3F99BF0064B16D /* ModelShaders */,
				338DE58D1B3FA2F20064B16D /* shader.vert */,
				338DE58E1B3FA3080064B16D /* shader.frag */,
				333F9CFD1B5AB41500100D81 /* UI.vert */,
				333F9CFE1B5AB41F00100D81 /* UI.frag */,
			);
			path = Shaders;
			sourceTree = "<group>";
		};
		338DE5891B3F99BF0064B16D /* ModelShaders */ = {
			isa = PBXGroup;
			children = (
				338DE58A1B3F99BF0064B16D /* SimpleModel.frag */,
				338DE58B1B3F99BF0064B16D /* SimpleModel.vert */,
				338DE5A31B43BE390064B16D /* Ground.vert */,
				338DE5A41B43BE430064B16D /* Ground.frag */,
				33CE93F51B44EB4500064738 /* SimpleSky.frag */,
				33CE93F61B44EB5D00064738 /* SimpleSky.vert */,
				333F9CD11B54B21A00100D81 /* Tree.frag */,
				333F9CD21B54B22600100D81 /* Tree.vert */,
			);
			path = ModelShaders;
			sourceTree = "<group>";
		};
		338DE5981B3FD1210064B16D /* Game */ = {
			isa = PBXGroup;
			children = (
				338DE5921B3FB9B90064B16D /* Camera.cpp */,
				338DE5931B3FB9B90064B16D /* Camera.h */,
				338DE5951B3FC2FB0064B16D /* Keyboard.cpp */,
				338DE5961B3FC2FB0064B16D /* Keyboard.h */,
				338DE59A1B3FD2360064B16D /* World.cpp */,
				338DE59B1B3FD2360064B16D /* World.h */,
				333F9CF21B5808D300100D81 /* Animation.cpp */,
				333F9CF31B5808D300100D81 /* Animation.h */,
				333F9CF51B5AAF6100100D81 /* UI.cpp */,
				333F9CF61B5AAF6100100D81 /* UI.h */,
			);
			path = Game;
			sourceTree = "<group>";
		};
		33BA770E1B5CB6CC004431BA /* Kakuna */ = {
			isa = PBXGroup;
			children = (
				33BA770F1B5CB6CC004431BA /* Cocoon.dae */,
				33BA77101B5CB6CC004431BA /* Cocoon.psk */,
				33BA77111B5CB6CC004431BA /* Cocoon.smd */,
				33BA77121B5CB6CC004431BA /* CocoonDh.png */,
				33BA77131B5CB6CC004431BA /* CocoonEyeDh.png */,
				33BA77141B5CB6CC004431BA /* CocoonSpecularDh.png */,
				33BA77151B5CB6CC004431BA /* Kakuna.mtl */,
				33BA77161B5CB6CC004431BA /* Kakuna.obj */,
				33BA77171B5CB6CC004431BA /* Thumbs.db */,
			);
			path = Kakuna;
			sourceTree = "<group>";
		};
		33BA77181B5CC3FF004431BA /* Flower */ = {
			isa = PBXGroup;
			children = (
				33BA771D1B5D3DA6004431BA /* CloudFlower_3dsPowerUpCluod.jpg */,
				33BA771E1B5D3DA6004431BA /* ClouMM00.jpg */,
				33BA77191B5CC3FF004431BA /* Cloud Flower.mtl */,
				33BA771A1B5CC3FF004431BA /* Cloud Flower.obj */,
			);
			path = Flower;
			sourceTree = "<group>";
		};
		33BA771F1B5DA397004431BA /* Squirtle */ = {
			isa = PBXGroup;
			children = (
				33BA77201B5DA397004431BA /* Squirtle.dae */,
				33BA77211B5DA397004431BA /* Zenigame.mtl */,
				33BA77221B5DA397004431BA /* Zenigame.obj */,
				33BA77231B5DA397004431BA /* Zenigame.psk */,
				33BA77241B5DA397004431BA /* Zenigame.smd */,
				33BA77251B5DA397004431BA /* ZenigameDh.png */,
				33BA77261B5DA397004431BA /* ZenigameEyeDh.png */,
				33BA77271B5DA397004431BA /* ZenigameSpecularDh.png */,
			);
			path = Squirtle;
			sourceTree = "<group>";
		};
		33BA77281B5DA3A4004431BA /* Charmander */ = {
			isa = PBXGroup;
			children = (
				33BA77291B5DA3A4004431BA /* Charmander.dae */,
				33BA772A1B5DA3A4004431BA /* Hitokage.mtl */,
				33BA772B1B5DA3A4004431BA /* Hitokage.obj */,
				33BA772C1B5DA3A4004431BA /* Hitokage.psk */,
				33BA772D1B5DA3A4004431BA /* Hitokage.smd */,
				33BA772E1B5DA3A4004431BA /* HitokageDh.png */,
				33BA772F1B5DA3A4004431BA /* HitokageEyeDh.png */,
				33BA77301B5DA3A4004431BA /* HitokageSpecularDh.png */,
			);
			path = Charmander;
			sourceTree = "<group>";
		};
		33BA77311B5DD7CB004431BA /* Staravia */ = {
			isa = PBXGroup;
			children = (
				33BA77321B5DD7CB004431BA /* Credits.txt */,
				33BA77331B5DD7CB004431BA /* Mukubird.psk */,
				33BA77341B5DD7CB004431BA /* MukubirdDh.png */,
				33BA77351B5DD7CB004431BA /* MukubirdEyeDh.png */,
				33BA77361B5DD7CB004431BA /* Mukubirdout.obj */,
				33BA77371B5DD7CB004431BA /* Mukubirdout.smd */,
				33BA77381B5DD7CB004431BA /* MukubirdSpecularDh.png */,
				33BA77391B5DD7CB004431BA /* Staravia.dae */,
			);
			path = Staravia;
			sourceTree = "<group>";
		};
		33BA773A1B5DD82F004431BA /* Gliscor */ = {
			isa = PBXGroup;
			children = (
				33BA773B1B5DD82F004431BA /* Credits.txt */,
				33BA773C1B5DD82F004431BA /* Glion.psk */,
				33BA773D1B5DD82F004431BA /* GlionDh.png */,
				33BA773E1B5DD82F004431BA /* GlionEyeDh.png */,
				33BA773F1B5DD82F004431BA /* Glionout.obj */,
				33BA77401B5DD82F004431BA /* Glionout.smd */,
				33BA77411B5DD82F004431BA /* GlionSpecularDh.png */,
				33BA77421B5DD82F004431BA /* Gliscor.dae */,
			);
			path = Gliscor;
			sourceTree = "<group>";
		};
		33BA77431B5DD99D004431BA /* Scyther */ = {
			isa = PBXGroup;
			children = (
				33BA77441B5DD99D004431BA /* Credits.txt */,
				33BA77451B5DD99D004431BA /* Scyther.dae */,
				33BA77461B5DD99D004431BA /* Strike.psk */,
				33BA77471B5DD99D004431BA /* StrikeDh.png */,
				33BA77481B5DD99D004431BA /* StrikeEyeDh.png */,
				33BA77491B5DD99D004431BA /* Strikeout.obj */,
				33BA774A1B5DD99D004431BA /* Strikeout.smd */,
				33BA774B1B5DD99D004431BA /* StrikeSpecularDh.png */,
			);
			path = Scyther;
			sourceTree = "<group>";
		};
		33BA774C1B5DD9D1004431BA /* Salamence */ = {
			isa = PBXGroup;
			children = (
				33BA774D1B5DD9D1004431BA /* Bohmander.psk */,
				33BA774E1B5DD9D1004431BA /* BohmanderDh.png */,
				33BA774F1B5DD9D1004431BA /* BohmanderEyeDh.png */,
				33BA77501B5DD9D1004431BA /* Bohmanderout.obj */,
				33BA77511B5DD9D1004431BA /* Bohmanderout.smd */,
				33BA77521B5DD9D1004431BA /* BohmanderSpecularDh.png */,
				33BA77531B5DD9D1004431BA /* Credits.txt */,
				33BA77541B5DD9D1004431BA /* Salamence.dae */,
			);
			path = Salamence;
			sourceTree = "<group>";
		};
		33BA77551B5DD9D1004431BA /* Scyther */ = {
			isa = PBXGroup;
			children = (
				33BA77561B5DD9D1004431BA /* Credits.txt */,
				33BA77571B5DD9D1004431BA /* Scyther.dae */,
				33BA77581B5DD9D1004431BA /* Strike.psk */,
				33BA77591B5DD9D1004431BA /* StrikeDh.png */,
				33BA775A1B5DD9D1004431BA /* StrikeEyeDh.png */,
				33BA775B1B5DD9D1004431BA /* Strikeout.obj */,
				33BA775C1B5DD9D1004431BA /* Strikeout.smd */,
				33BA775D1B5DD9D1004431BA /* StrikeSpecularDh.png */,
			);
			path = Scyther;
			sourceTree = "<group>";
		};
		33BA775E1B5DDA95004431BA /* Salamence */ = {
			isa = PBXGroup;
			children = (
				33BA775F1B5DDA95004431BA /* Bohmander.psk */,
				33BA77601B5DDA95004431BA /* BohmanderDh.png */,
				33BA77611B5DDA95004431BA /* BohmanderEyeDh.png */,
				33BA77621B5DDA95004431BA /* Bohmanderout.obj */,
				33BA77631B5DDA95004431BA /* Bohmanderout.smd */,
				33BA77641B5DDA95004431BA /* BohmanderSpecularDh.png */,
				33BA77651B5DDA95004431BA /* Credits.txt */,
				33BA77661B5DDA95004431BA /* Salamence.dae */,
			);
			path = Salamence;
			sourceTree = "<group>";
		};
		33BA77671B5DDE86004431BA /* Jumpluff */ = {
			isa = PBXGroup;
			children = (
				33BA77681B5DDE86004431BA /* Credits.txt */,
				33BA77691B5DDE86004431BA /* Jumpluff.dae */,
				33BA776A1B5DDE86004431BA /* Watacco.psk */,
				33BA776B1B5DDE86004431BA /* WataccoDh.png */,
				33BA776C1B5DDE86004431BA /* WataccoEyeDh.png */,
				33BA776D1B5DDE86004431BA /* WataccoMouthDh.png */,
				33BA776E1B5DDE86004431BA /* Wataccoout.obj */,
				33BA776F1B5DDE86004431BA /* Wataccoout.smd */,
				33BA77701B5DDE86004431BA /* WataccoSpecularDh.png */,
				33BA77711B5DDE86004431BA /* WataccoWataDh.png */,
			);
			path = Jumpluff;
			sourceTree = "<group>";
		};
		33BA77721B5DDE86004431BA /* Eevee */ = {
			isa = PBXGroup;
			children = (
				33BA77731B5DDE86004431BA /* Credits.txt */,
				33BA77741B5DDE86004431BA /* Eevee.dae */,
				33BA77751B5DDE86004431BA /* Eievui.psk */,
				33BA77761B5DDE86004431BA /* EievuiDh.png */,
				33BA77771B5DDE86004431BA /* EievuiEyeDh.png */,
				33BA77781B5DDE86004431BA /* EievuiMouthDh.png */,
				33BA77791B5DDE86004431BA /* Eievuiout.obj */,
				33BA777A1B5DDE86004431BA /* Eievuiout.smd */,
				33BA777B1B5DDE86004431BA /* EievuiSpecularDh.png */,
			);
			path = Eevee;
			sourceTree = "<group>";
		};
		33BA777C1B5DDE86004431BA /* Munchlax */ = {
			isa = PBXGroup;
			children = (
				33BA777D1B5DDE86004431BA /* Credits.txt */,
				33BA777E1B5DDE86004431BA /* Gonbe.psk */,
				33BA777F1B5DDE86004431BA /* GonbeDh.png */,
				33BA77801B5DDE86004431BA /* GonbeEyeDh.png */,
				33BA77811B5DDE86004431BA /* Gonbeout.obj */,
				33BA77821B5DDE86004431BA /* Gonbeout.smd */,
				33BA77831B5DDE86004431BA /* GonbeSpecularDh.png */,
				33BA77841B5DDE86004431BA /* Munchlax.dae */,
			);
			path = Munchlax;
			sourceTree = "<group>";
		};
		33BA77851B5DDE86004431BA /* Gible */ = {
			isa = PBXGroup;
			children = (
				33BA77861B5DDE86004431BA /* Credits.txt */,
				33BA77871B5DDE86004431BA /* Fukamaru.psk */,
				33BA77881B5DDE86004431BA /* FukamaruDh.png */,
				33BA77891B5DDE86004431BA /* FukamaruEyeDh.png */,
				33BA778A1B5DDE86004431BA /* Fukamaruout.obj */,
				33BA778B1B5DDE86004431BA /* Fukamaruout.smd */,
				33BA778C1B5DDE86004431BA /* FukamaruSpecularDh.png */,
				33BA778D1B5DDE86004431BA /* Gible.dae */,
			);
			path = Gible;
			sourceTree = "<group>";
		};
		33BA778E1B5DE03F004431BA /* Meowth */ = {
			isa = PBXGroup;
			children = (
				33BA778F1B5DE03F004431BA /* Meowth.mtl */,
				33BA77901B5DE03F004431BA /* Meowth.obj */,
				33BA77911B5DE03F004431BA /* Nyarth.dae */,
				33BA77921B5DE03F004431BA /* Nyarth.psk */,
				33BA77931B5DE03F004431BA /* Nyarth.smd */,
				33BA77941B5DE03F004431BA /* NyarthDh.png */,
				33BA77951B5DE03F004431BA /* NyarthEyeDh.png */,
				33BA77961B5DE03F004431BA /* NyarthMouthDh.png */,
				33BA77971B5DE03F004431BA /* NyarthSpecularDh.png */,
				33BA77981B5DE03F004431BA /* Thumbs.db */,
			);
			path = Meowth;
			sourceTree = "<group>";
		};
		33BA77991B5DE03F004431BA /* Mankey */ = {
			isa = PBXGroup;
			children = (
				33BA779A1B5DE03F004431BA /* Mankey.dae */,
				33BA779B1B5DE03F004431BA /* Mankey.mtl */,
				33BA779C1B5DE03F004431BA /* Mankey.obj */,
				33BA779D1B5DE03F004431BA /* Mankey.psk */,
				33BA779E1B5DE03F004431BA /* Mankey.smd */,
				33BA779F1B5DE03F004431BA /* MankeyDh.png */,
				33BA77A01B5DE03F004431BA /* MankeyEyeDh.png */,
				33BA77A11B5DE03F004431BA /* MankeySpecularDh.png */,
				33BA77A21B5DE03F004431BA /* Thumbs.db */,
			);
			path = Mankey;
			sourceTree = "<group>";
		};
		33BA77A31B5DE03F004431BA /* Aipom */ = {
			isa = PBXGroup;
			children = (
				33BA77A41B5DE03F004431BA /* Aipom.dae */,
				33BA77A51B5DE03F004431BA /* Credits.txt */,
				33BA77A61B5DE03F004431BA /* Eipam.psk */,
				33BA77A71B5DE03F004431BA /* EipamDh.png */,
				33BA77A81B5DE03F004431BA /* EipamEyeDh.png */,
				33BA77A91B5DE03F004431BA /* Eipamout.obj */,
				33BA77AA1B5DE03F004431BA /* Eipamout.smd */,
				33BA77AB1B5DE03F004431BA /* EipamSpecularDh.png */,
			);
			path = Aipom;
			sourceTree = "<group>";
		};
		33BA77B61B5DE15E004431BA /* Arcanine */ = {
			isa = PBXGroup;
			children = (
				33BA77B71B5DE15E004431BA /* Arcanine.dae */,
				33BA77B81B5DE15E004431BA /* Arcanine.mtl */,
				33BA77B91B5DE15E004431BA /* Arcanine.obj */,
				33BA77BA1B5DE15E004431BA /* Thumbs.db */,
				33BA77BB1B5DE15E004431BA /* Windie.psk */,
				33BA77BC1B5DE15E004431BA /* Windie.smd */,
				33BA77BD1B5DE15E004431BA /* WindieDh.png */,
				33BA77BE1B5DE15E004431BA /* WindieEyeDh.png */,
				33BA77BF1B5DE15E004431BA /* WindieHairDh.png */,
				33BA77C01B5DE15E004431BA /* WindieSpecularDh.png */,
			);
			path = Arcanine;
			sourceTree = "<group>";
		};
		33BA77C11B5DE64A004431BA /* Electrode */ = {
			isa = PBXGroup;
			children = (
				33BA77C21B5DE64A004431BA /* Credits.txt */,
				33BA77C31B5DE64A004431BA /* Electrode.dae */,
				33BA77C41B5DE64A004431BA /* Marumine.psk */,
				33BA77C51B5DE64A004431BA /* MarumineDh.png */,
				33BA77C61B5DE64A004431BA /* MarumineEyeDh.png */,
				33BA77C71B5DE64A004431BA /* MarumineMouthDh.png */,
				33BA77C81B5DE64A004431BA /* Marumineout.obj */,
				33BA77C91B5DE64A004431BA /* Marumineout.smd */,
				33BA77CA1B5DE64A004431BA /* MarumineSpecularDh.png */,
			);
			path = Electrode;
			sourceTree = "<group>";
		};
		33CE93E61B44E60E00064738 /* Resources */ = {
			isa = PBXGroup;
			children = (
				33BA774C1B5DD9D1004431BA /* Salamence */,
				33BA77551B5DD9D1004431BA /* Scyther */,
				333F9D081B5B159D00100D81 /* Sounds */,
				333F9D011B5AF67300100D81 /* Fonts */,
				333F9CD71B5804D800100D81 /* Models */,
				334C03AD1B52289C00D8DC09 /* Textures */,
				33CE93E71B44E61300064738 /* Skyboxes */,
			);
			path = Resources;
			sourceTree = "<group>";
		};
		33CE93E71B44E61300064738 /* Skyboxes */ = {
			isa = PBXGroup;
			children = (
				33CE93EB1B44E84400064738 /* Sky */,
			);
			path = Skyboxes;
			sourceTree = "<group>";
		};
		33CE93EB1B44E84400064738 /* Sky */ = {
			isa = PBXGroup;
			children = (
				33CE93EC1B44E87400064738 /* back.jpg */,
				33CE93ED1B44E87400064738 /* bottom.jpg */,
				33CE93EE1B44E87400064738 /* front.jpg */,
				33CE93EF1B44E87400064738 /* left.jpg */,
				33CE93F01B44E87400064738 /* right.jpg */,
				33CE93F11B44E87400064738 /* top.jpg */,
			);
			path = Sky;
			sourceTree = "<group>";
		};
/* End PBXGroup section */

/* Begin PBXNativeTarget section */
		338DE52D1B3B1EDF0064B16D /* Project */ = {
			isa = PBXNativeTarget;
			buildConfigurationList = 338DE5351B3B1EDF0064B16D /* Build configuration list for PBXNativeTarget "Project" */;
			buildPhases = (
				338DE52A1B3B1EDF0064B16D /* Sources */,
				338DE52B1B3B1EDF0064B16D /* Frameworks */,
				338DE52C1B3B1EDF0064B16D /* CopyFiles */,
			);
			buildRules = (
			);
			dependencies = (
			);
			name = Project;
			productName = Project;
			productReference = 338DE5991B3FD1860064B16D /* Project */;
			productType = "com.apple.product-type.tool";
		};
/* End PBXNativeTarget section */

/* Begin PBXProject section */
		338DE5261B3B1EDF0064B16D /* Project object */ = {
			isa = PBXProject;
			attributes = {
				LastUpgradeCheck = 0630;
				ORGANIZATIONNAME = "Daniyal Khan";
				TargetAttributes = {
					338DE52D1B3B1EDF0064B16D = {
						CreatedOnToolsVersion = 6.3.2;
					};
				};
			};
			buildConfigurationList = 338DE5291B3B1EDF0064B16D /* Build configuration list for PBXProject "Project" */;
			compatibilityVersion = "Xcode 3.2";
			developmentRegion = English;
			hasScannedForEncodings = 0;
			knownRegions = (
				en,
			);
			mainGroup = 338DE5251B3B1EDF0064B16D;
			productRefGroup = 338DE5251B3B1EDF0064B16D;
			projectDirPath = "";
			projectRoot = "";
			targets = (
				338DE52D1B3B1EDF0064B16D /* Project */,
			);
		};
/* End PBXProject section */

/* Begin PBXSourcesBuildPhase section */
		338DE52A1B3B1EDF0064B16D /* Sources */ = {
			isa = PBXSourcesBuildPhase;
			buildActionMask = 2147483647;
			files = (
				338DE59F1B423C0C0064B16D /* ShaderManager.cpp in Sources */,
				338DE56A1B3BB21E0064B16D /* Mesh.cpp in Sources */,
				333F9CD01B54AB2F00100D81 /* Forest.cpp in Sources */,
				338DE57D1B3F3D580064B16D /* Player.cpp in Sources */,
				333F9CF71B5AAF6100100D81 /* UI.cpp in Sources */,
				333F9D071B5AFCE900100D81 /* pugixml.cpp in Sources */,
				334C03AC1B52172A00D8DC09 /* Landscape.cpp in Sources */,
				338DE5A21B43B56C0064B16D /* TexturedMesh.cpp in Sources */,
				338DE59C1B3FD2360064B16D /* World.cpp in Sources */,
				338DE5941B3FB9B90064B16D /* Camera.cpp in Sources */,
				338DE57A1B3F3CEE0064B16D /* Character.cpp in Sources */,
				338DE5321B3B1EDF0064B16D /* main.cpp in Sources */,
				338DE5811B3F95DA0064B16D /* Loader.cpp in Sources */,
				333F9D001B5ABD3000100D81 /* Intersection.cpp in Sources */,
				338DE5971B3FC2FB0064B16D /* Keyboard.cpp in Sources */,
				33CE93F41B44E91300064738 /* Skybox.cpp in Sources */,
				334C03A91B4F97E500D8DC09 /* PerlinNoise.cpp in Sources */,
				333F9CF41B5808D300100D81 /* Animation.cpp in Sources */,
				338DE56D1B3BC0A90064B16D /* Model.cpp in Sources */,
			);
			runOnlyForDeploymentPostprocessing = 0;
		};
/* End PBXSourcesBuildPhase section */

/* Begin XCBuildConfiguration section */
		338DE5331B3B1EDF0064B16D /* Debug */ = {
			isa = XCBuildConfiguration;
			buildSettings = {
				ALWAYS_SEARCH_USER_PATHS = NO;
				CLANG_CXX_LANGUAGE_STANDARD = "gnu++0x";
				CLANG_CXX_LIBRARY = "libc++";
				CLANG_ENABLE_MODULES = YES;
				CLANG_ENABLE_OBJC_ARC = YES;
				CLANG_WARN_BOOL_CONVERSION = YES;
				CLANG_WARN_CONSTANT_CONVERSION = YES;
				CLANG_WARN_DIRECT_OBJC_ISA_USAGE = YES_ERROR;
				CLANG_WARN_EMPTY_BODY = YES;
				CLANG_WARN_ENUM_CONVERSION = YES;
				CLANG_WARN_INT_CONVERSION = YES;
				CLANG_WARN_OBJC_ROOT_CLASS = YES_ERROR;
				CLANG_WARN_UNREACHABLE_CODE = YES;
				CLANG_WARN__DUPLICATE_METHOD_MATCH = YES;
				COPY_PHASE_STRIP = NO;
				DEBUG_INFORMATION_FORMAT = dwarf;
				ENABLE_STRICT_OBJC_MSGSEND = YES;
				GCC_C_LANGUAGE_STANDARD = gnu99;
				GCC_DYNAMIC_NO_PIC = NO;
				GCC_NO_COMMON_BLOCKS = YES;
				GCC_OPTIMIZATION_LEVEL = 0;
				GCC_PREPROCESSOR_DEFINITIONS = (
					"DEBUG=1",
					"$(inherited)",
				);
				GCC_SYMBOLS_PRIVATE_EXTERN = NO;
				GCC_WARN_64_TO_32_BIT_CONVERSION = YES;
				GCC_WARN_ABOUT_RETURN_TYPE = YES_ERROR;
				GCC_WARN_UNDECLARED_SELECTOR = YES;
				GCC_WARN_UNINITIALIZED_AUTOS = YES_AGGRESSIVE;
				GCC_WARN_UNUSED_FUNCTION = YES;
				GCC_WARN_UNUSED_VARIABLE = YES;
				MACOSX_DEPLOYMENT_TARGET = 10.10;
				MTL_ENABLE_DEBUG_INFO = YES;
				ONLY_ACTIVE_ARCH = YES;
				SDKROOT = macosx;
			};
			name = Debug;
		};
		338DE5341B3B1EDF0064B16D /* Release */ = {
			isa = XCBuildConfiguration;
			buildSettings = {
				ALWAYS_SEARCH_USER_PATHS = NO;
				CLANG_CXX_LANGUAGE_STANDARD = "gnu++0x";
				CLANG_CXX_LIBRARY = "libc++";
				CLANG_ENABLE_MODULES = YES;
				CLANG_ENABLE_OBJC_ARC = YES;
				CLANG_WARN_BOOL_CONVERSION = YES;
				CLANG_WARN_CONSTANT_CONVERSION = YES;
				CLANG_WARN_DIRECT_OBJC_ISA_USAGE = YES_ERROR;
				CLANG_WARN_EMPTY_BODY = YES;
				CLANG_WARN_ENUM_CONVERSION = YES;
				CLANG_WARN_INT_CONVERSION = YES;
				CLANG_WARN_OBJC_ROOT_CLASS = YES_ERROR;
				CLANG_WARN_UNREACHABLE_CODE = YES;
				CLANG_WARN__DUPLICATE_METHOD_MATCH = YES;
				COPY_PHASE_STRIP = NO;
				DEBUG_INFORMATION_FORMAT = "dwarf-with-dsym";
				ENABLE_NS_ASSERTIONS = NO;
				ENABLE_STRICT_OBJC_MSGSEND = YES;
				GCC_C_LANGUAGE_STANDARD = gnu99;
				GCC_NO_COMMON_BLOCKS = YES;
				GCC_WARN_64_TO_32_BIT_CONVERSION = YES;
				GCC_WARN_ABOUT_RETURN_TYPE = YES_ERROR;
				GCC_WARN_UNDECLARED_SELECTOR = YES;
				GCC_WARN_UNINITIALIZED_AUTOS = YES_AGGRESSIVE;
				GCC_WARN_UNUSED_FUNCTION = YES;
				GCC_WARN_UNUSED_VARIABLE = YES;
				MACOSX_DEPLOYMENT_TARGET = 10.10;
				MTL_ENABLE_DEBUG_INFO = NO;
				SDKROOT = macosx;
			};
			name = Release;
		};
		338DE5361B3B1EDF0064B16D /* Debug */ = {
			isa = XCBuildConfiguration;
			buildSettings = {
				HEADER_SEARCH_PATHS = (
					"$(inherited)",
					/Applications/Xcode.app/Contents/Developer/Toolchains/XcodeDefault.xctoolchain/usr/include,
					/usr/local/include/,
				);
				"LIBRARY_SEARCH_PATHS[arch=*]" = /usr/local/lib/;
				OTHER_CPLUSPLUSFLAGS = "";
				"OTHER_CPLUSPLUSFLAGS[arch=*]" = "";
				OTHER_LDFLAGS = (
					"-lSOIL",
					"-lglew",
					"-lassimp",
					"-lglfw3",
					"-lsfml-window",
					"-lsfml-graphics",
					"-lsfml-system",
				);
				"OTHER_LDFLAGS[arch=*]" = (
					"-lSOIL",
					"-lglew",
					"-lassimp",
					"-lglfw3",
				);
				PRODUCT_NAME = "$(TARGET_NAME)";
			};
			name = Debug;
		};
		338DE5371B3B1EDF0064B16D /* Release */ = {
			isa = XCBuildConfiguration;
			buildSettings = {
				PRODUCT_NAME = "$(TARGET_NAME)";
			};
			name = Release;
		};
/* End XCBuildConfiguration section */

/* Begin XCConfigurationList section */
		338DE5291B3B1EDF0064B16D /* Build configuration list for PBXProject "Project" */ = {
			isa = XCConfigurationList;
			buildConfigurations = (
				338DE5331B3B1EDF0064B16D /* Debug */,
				338DE5341B3B1EDF0064B16D /* Release */,
			);
			defaultConfigurationIsVisible = 0;
			defaultConfigurationName = Release;
		};
		338DE5351B3B1EDF0064B16D /* Build configuration list for PBXNativeTarget "Project" */ = {
			isa = XCConfigurationList;
			buildConfigurations = (
				338DE5361B3B1EDF0064B16D /* Debug */,
				338DE5371B3B1EDF0064B16D /* Release */,
			);
			defaultConfigurationIsVisible = 0;
			defaultConfigurationName = Release;
		};
/* End XCConfigurationList section */
	};
	rootObject = 338DE5261B3B1EDF0064B16D /* Project object */;
}
