// !$*UTF8*$!
{
	archiveVersion = 1;
	classes = {
	};
	objectVersion = 46;
	objects = {

/* Begin PBXBuildFile section */
		338DE5321B3B1EDF0064B16D /* main.cpp in Sources */ = {isa = PBXBuildFile; fileRef = 338DE5311B3B1EDF0064B16D /* main.cpp */; };
		338DE5581B3B7E8A0064B16D /* OpenGL.framework in Frameworks */ = {isa = PBXBuildFile; fileRef = 338DE5571B3B7E8A0064B16D /* OpenGL.framework */; };
		338DE55A1B3B7E8F0064B16D /* CoreVideo.framework in Frameworks */ = {isa = PBXBuildFile; fileRef = 338DE5591B3B7E8F0064B16D /* CoreVideo.framework */; };
		338DE55C1B3B7E930064B16D /* IOKit.framework in Frameworks */ = {isa = PBXBuildFile; fileRef = 338DE55B1B3B7E930064B16D /* IOKit.framework */; };
		338DE55E1B3B7E9B0064B16D /* Cocoa.framework in Frameworks */ = {isa = PBXBuildFile; fileRef = 338DE55D1B3B7E9B0064B16D /* Cocoa.framework */; };
		338DE56A1B3BB21E0064B16D /* Mesh.cpp in Sources */ = {isa = PBXBuildFile; fileRef = 338DE5681B3BB21E0064B16D /* Mesh.cpp */; };
		338DE56D1B3BC0A90064B16D /* Model.cpp in Sources */ = {isa = PBXBuildFile; fileRef = 338DE56B1B3BC0A90064B16D /* Model.cpp */; };
		338DE5711B3C62860064B16D /* CoreFoundation.framework in Frameworks */ = {isa = PBXBuildFile; fileRef = 338DE5701B3C62860064B16D /* CoreFoundation.framework */; };
		338DE57A1B3F3CEE0064B16D /* Character.cpp in Sources */ = {isa = PBXBuildFile; fileRef = 338DE5781B3F3CEE0064B16D /* Character.cpp */; };
		338DE57D1B3F3D580064B16D /* Player.cpp in Sources */ = {isa = PBXBuildFile; fileRef = 338DE57B1B3F3D580064B16D /* Player.cpp */; };
		338DE5811B3F95DA0064B16D /* Loader.cpp in Sources */ = {isa = PBXBuildFile; fileRef = 338DE57F1B3F95D90064B16D /* Loader.cpp */; };
		338DE5941B3FB9B90064B16D /* Camera.cpp in Sources */ = {isa = PBXBuildFile; fileRef = 338DE5921B3FB9B90064B16D /* Camera.cpp */; };
		338DE5971B3FC2FB0064B16D /* Keyboard.cpp in Sources */ = {isa = PBXBuildFile; fileRef = 338DE5951B3FC2FB0064B16D /* Keyboard.cpp */; };
		338DE59C1B3FD2360064B16D /* World.cpp in Sources */ = {isa = PBXBuildFile; fileRef = 338DE59A1B3FD2360064B16D /* World.cpp */; };
		338DE59F1B423C0C0064B16D /* ShaderManager.cpp in Sources */ = {isa = PBXBuildFile; fileRef = 338DE59D1B423C0C0064B16D /* ShaderManager.cpp */; };
		338DE5A21B43B56C0064B16D /* TexturedMesh.cpp in Sources */ = {isa = PBXBuildFile; fileRef = 338DE5A01B43B56C0064B16D /* TexturedMesh.cpp */; };
/* End PBXBuildFile section */

/* Begin PBXCopyFilesBuildPhase section */
		338DE52C1B3B1EDF0064B16D /* CopyFiles */ = {
			isa = PBXCopyFilesBuildPhase;
			buildActionMask = 2147483647;
			dstPath = /usr/share/man/man1/;
			dstSubfolderSpec = 0;
			files = (
			);
			runOnlyForDeploymentPostprocessing = 1;
		};
/* End PBXCopyFilesBuildPhase section */

/* Begin PBXFileReference section */
		338DE5311B3B1EDF0064B16D /* main.cpp */ = {isa = PBXFileReference; lastKnownFileType = sourcecode.cpp.cpp; name = main.cpp; path = Project/main.cpp; sourceTree = "<group>"; };
		338DE5571B3B7E8A0064B16D /* OpenGL.framework */ = {isa = PBXFileReference; lastKnownFileType = wrapper.framework; name = OpenGL.framework; path = System/Library/Frameworks/OpenGL.framework; sourceTree = SDKROOT; };
		338DE5591B3B7E8F0064B16D /* CoreVideo.framework */ = {isa = PBXFileReference; lastKnownFileType = wrapper.framework; name = CoreVideo.framework; path = System/Library/Frameworks/CoreVideo.framework; sourceTree = SDKROOT; };
		338DE55B1B3B7E930064B16D /* IOKit.framework */ = {isa = PBXFileReference; lastKnownFileType = wrapper.framework; name = IOKit.framework; path = System/Library/Frameworks/IOKit.framework; sourceTree = SDKROOT; };
		338DE55D1B3B7E9B0064B16D /* Cocoa.framework */ = {isa = PBXFileReference; lastKnownFileType = wrapper.framework; name = Cocoa.framework; path = System/Library/Frameworks/Cocoa.framework; sourceTree = SDKROOT; };
		338DE5681B3BB21E0064B16D /* Mesh.cpp */ = {isa = PBXFileReference; fileEncoding = 4; lastKnownFileType = sourcecode.cpp.cpp; path = Mesh.cpp; sourceTree = "<group>"; };
		338DE5691B3BB21E0064B16D /* Mesh.h */ = {isa = PBXFileReference; fileEncoding = 4; lastKnownFileType = sourcecode.c.h; path = Mesh.h; sourceTree = "<group>"; };
		338DE56B1B3BC0A90064B16D /* Model.cpp */ = {isa = PBXFileReference; fileEncoding = 4; lastKnownFileType = sourcecode.cpp.cpp; path = Model.cpp; sourceTree = "<group>"; };
		338DE56C1B3BC0A90064B16D /* Model.h */ = {isa = PBXFileReference; fileEncoding = 4; lastKnownFileType = sourcecode.c.h; path = Model.h; sourceTree = "<group>"; };
		338DE5701B3C62860064B16D /* CoreFoundation.framework */ = {isa = PBXFileReference; lastKnownFileType = wrapper.framework; name = CoreFoundation.framework; path = System/Library/Frameworks/CoreFoundation.framework; sourceTree = SDKROOT; };
		338DE5781B3F3CEE0064B16D /* Character.cpp */ = {isa = PBXFileReference; fileEncoding = 4; lastKnownFileType = sourcecode.cpp.cpp; path = Character.cpp; sourceTree = "<group>"; };
		338DE5791B3F3CEE0064B16D /* Character.h */ = {isa = PBXFileReference; fileEncoding = 4; lastKnownFileType = sourcecode.c.h; path = Character.h; sourceTree = "<group>"; };
		338DE57B1B3F3D580064B16D /* Player.cpp */ = {isa = PBXFileReference; fileEncoding = 4; lastKnownFileType = sourcecode.cpp.cpp; path = Player.cpp; sourceTree = "<group>"; };
		338DE57C1B3F3D580064B16D /* Player.h */ = {isa = PBXFileReference; fileEncoding = 4; lastKnownFileType = sourcecode.c.h; path = Player.h; sourceTree = "<group>"; };
		338DE57F1B3F95D90064B16D /* Loader.cpp */ = {isa = PBXFileReference; fileEncoding = 4; lastKnownFileType = sourcecode.cpp.cpp; path = Loader.cpp; sourceTree = "<group>"; };
		338DE5801B3F95DA0064B16D /* Loader.h */ = {isa = PBXFileReference; fileEncoding = 4; lastKnownFileType = sourcecode.c.h; path = Loader.h; sourceTree = "<group>"; };
		338DE58A1B3F99BF0064B16D /* shader.frag */ = {isa = PBXFileReference; fileEncoding = 4; lastKnownFileType = sourcecode.glsl; path = shader.frag; sourceTree = "<group>"; };
		338DE58B1B3F99BF0064B16D /* shader.vert */ = {isa = PBXFileReference; fileEncoding = 4; lastKnownFileType = sourcecode.glsl; path = shader.vert; sourceTree = "<group>"; };
		338DE58D1B3FA2F20064B16D /* shader.vert */ = {isa = PBXFileReference; fileEncoding = 4; lastKnownFileType = sourcecode.glsl; path = shader.vert; sourceTree = "<group>"; };
		338DE58E1B3FA3080064B16D /* shader.frag */ = {isa = PBXFileReference; fileEncoding = 4; lastKnownFileType = sourcecode.glsl; path = shader.frag; sourceTree = "<group>"; };
		338DE5921B3FB9B90064B16D /* Camera.cpp */ = {isa = PBXFileReference; fileEncoding = 4; lastKnownFileType = sourcecode.cpp.cpp; path = Camera.cpp; sourceTree = "<group>"; };
		338DE5931B3FB9B90064B16D /* Camera.h */ = {isa = PBXFileReference; fileEncoding = 4; lastKnownFileType = sourcecode.c.h; path = Camera.h; sourceTree = "<group>"; };
		338DE5951B3FC2FB0064B16D /* Keyboard.cpp */ = {isa = PBXFileReference; fileEncoding = 4; lastKnownFileType = sourcecode.cpp.cpp; path = Keyboard.cpp; sourceTree = "<group>"; };
		338DE5961B3FC2FB0064B16D /* Keyboard.h */ = {isa = PBXFileReference; fileEncoding = 4; lastKnownFileType = sourcecode.c.h; path = Keyboard.h; sourceTree = "<group>"; };
		338DE5991B3FD1860064B16D /* Project */ = {isa = PBXFileReference; explicitFileType = "compiled.mach-o.executable"; includeInIndex = 0; path = Project; sourceTree = BUILT_PRODUCTS_DIR; };
		338DE59A1B3FD2360064B16D /* World.cpp */ = {isa = PBXFileReference; fileEncoding = 4; lastKnownFileType = sourcecode.cpp.cpp; path = World.cpp; sourceTree = "<group>"; };
		338DE59B1B3FD2360064B16D /* World.h */ = {isa = PBXFileReference; fileEncoding = 4; lastKnownFileType = sourcecode.c.h; path = World.h; sourceTree = "<group>"; };
		338DE59D1B423C0C0064B16D /* ShaderManager.cpp */ = {isa = PBXFileReference; fileEncoding = 4; lastKnownFileType = sourcecode.cpp.cpp; path = ShaderManager.cpp; sourceTree = "<group>"; };
		338DE59E1B423C0C0064B16D /* ShaderManager.h */ = {isa = PBXFileReference; fileEncoding = 4; lastKnownFileType = sourcecode.c.h; path = ShaderManager.h; sourceTree = "<group>"; };
		338DE5A01B43B56C0064B16D /* TexturedMesh.cpp */ = {isa = PBXFileReference; fileEncoding = 4; lastKnownFileType = sourcecode.cpp.cpp; path = TexturedMesh.cpp; sourceTree = "<group>"; };
		338DE5A11B43B56C0064B16D /* TexturedMesh.h */ = {isa = PBXFileReference; fileEncoding = 4; lastKnownFileType = sourcecode.c.h; path = TexturedMesh.h; sourceTree = "<group>"; };
/* End PBXFileReference section */

/* Begin PBXFrameworksBuildPhase section */
		338DE52B1B3B1EDF0064B16D /* Frameworks */ = {
			isa = PBXFrameworksBuildPhase;
			buildActionMask = 2147483647;
			files = (
				338DE5711B3C62860064B16D /* CoreFoundation.framework in Frameworks */,
				338DE55E1B3B7E9B0064B16D /* Cocoa.framework in Frameworks */,
				338DE55C1B3B7E930064B16D /* IOKit.framework in Frameworks */,
				338DE55A1B3B7E8F0064B16D /* CoreVideo.framework in Frameworks */,
				338DE5581B3B7E8A0064B16D /* OpenGL.framework in Frameworks */,
			);
			runOnlyForDeploymentPostprocessing = 0;
		};
/* End PBXFrameworksBuildPhase section */

/* Begin PBXGroup section */
		338DE5251B3B1EDF0064B16D = {
			isa = PBXGroup;
			children = (
				338DE5701B3C62860064B16D /* CoreFoundation.framework */,
				338DE55D1B3B7E9B0064B16D /* Cocoa.framework */,
				338DE55B1B3B7E930064B16D /* IOKit.framework */,
				338DE5591B3B7E8F0064B16D /* CoreVideo.framework */,
				338DE5571B3B7E8A0064B16D /* OpenGL.framework */,
				338DE5671B3BB1F60064B16D /* Models */,
				338DE57E1B3F95D90064B16D /* Utils */,
				338DE5881B3F99BF0064B16D /* Shaders */,
				338DE5981B3FD1210064B16D /* Game */,
				338DE5311B3B1EDF0064B16D /* main.cpp */,
				338DE5991B3FD1860064B16D /* Project */,
			);
			sourceTree = "<group>";
		};
		338DE5671B3BB1F60064B16D /* Models */ = {
			isa = PBXGroup;
			children = (
				338DE5681B3BB21E0064B16D /* Mesh.cpp */,
				338DE5691B3BB21E0064B16D /* Mesh.h */,
				338DE56B1B3BC0A90064B16D /* Model.cpp */,
				338DE56C1B3BC0A90064B16D /* Model.h */,
				338DE5781B3F3CEE0064B16D /* Character.cpp */,
				338DE5791B3F3CEE0064B16D /* Character.h */,
				338DE57B1B3F3D580064B16D /* Player.cpp */,
				338DE57C1B3F3D580064B16D /* Player.h */,
				338DE5A01B43B56C0064B16D /* TexturedMesh.cpp */,
				338DE5A11B43B56C0064B16D /* TexturedMesh.h */,
			);
			path = Models;
			sourceTree = "<group>";
		};
		338DE57E1B3F95D90064B16D /* Utils */ = {
			isa = PBXGroup;
			children = (
				338DE57F1B3F95D90064B16D /* Loader.cpp */,
				338DE5801B3F95DA0064B16D /* Loader.h */,
				338DE59D1B423C0C0064B16D /* ShaderManager.cpp */,
				338DE59E1B423C0C0064B16D /* ShaderManager.h */,
			);
			path = Utils;
			sourceTree = "<group>";
		};
		338DE5881B3F99BF0064B16D /* Shaders */ = {
			isa = PBXGroup;
			children = (
				338DE5891B3F99BF0064B16D /* ModelShaders */,
				338DE58D1B3FA2F20064B16D /* shader.vert */,
				338DE58E1B3FA3080064B16D /* shader.frag */,
			);
			path = Shaders;
			sourceTree = "<group>";
		};
		338DE5891B3F99BF0064B16D /* ModelShaders */ = {
			isa = PBXGroup;
			children = (
				338DE58A1B3F99BF0064B16D /* shader.frag */,
				338DE58B1B3F99BF0064B16D /* shader.vert */,
			);
			path = ModelShaders;
			sourceTree = "<group>";
		};
		338DE5981B3FD1210064B16D /* Game */ = {
			isa = PBXGroup;
			children = (
				338DE5921B3FB9B90064B16D /* Camera.cpp */,
				338DE5931B3FB9B90064B16D /* Camera.h */,
				338DE5951B3FC2FB0064B16D /* Keyboard.cpp */,
				338DE5961B3FC2FB0064B16D /* Keyboard.h */,
				338DE59A1B3FD2360064B16D /* World.cpp */,
				338DE59B1B3FD2360064B16D /* World.h */,
			);
			path = Game;
			sourceTree = "<group>";
		};
/* End PBXGroup section */

/* Begin PBXNativeTarget section */
		338DE52D1B3B1EDF0064B16D /* Project */ = {
			isa = PBXNativeTarget;
			buildConfigurationList = 338DE5351B3B1EDF0064B16D /* Build configuration list for PBXNativeTarget "Project" */;
			buildPhases = (
				338DE52A1B3B1EDF0064B16D /* Sources */,
				338DE52B1B3B1EDF0064B16D /* Frameworks */,
				338DE52C1B3B1EDF0064B16D /* CopyFiles */,
			);
			buildRules = (
			);
			dependencies = (
			);
			name = Project;
			productName = Project;
			productReference = 338DE5991B3FD1860064B16D /* Project */;
			productType = "com.apple.product-type.tool";
		};
/* End PBXNativeTarget section */

/* Begin PBXProject section */
		338DE5261B3B1EDF0064B16D /* Project object */ = {
			isa = PBXProject;
			attributes = {
				LastUpgradeCheck = 0630;
				ORGANIZATIONNAME = "Daniyal Khan";
				TargetAttributes = {
					338DE52D1B3B1EDF0064B16D = {
						CreatedOnToolsVersion = 6.3.2;
					};
				};
			};
			buildConfigurationList = 338DE5291B3B1EDF0064B16D /* Build configuration list for PBXProject "Project" */;
			compatibilityVersion = "Xcode 3.2";
			developmentRegion = English;
			hasScannedForEncodings = 0;
			knownRegions = (
				en,
			);
			mainGroup = 338DE5251B3B1EDF0064B16D;
			productRefGroup = 338DE5251B3B1EDF0064B16D;
			projectDirPath = "";
			projectRoot = "";
			targets = (
				338DE52D1B3B1EDF0064B16D /* Project */,
			);
		};
/* End PBXProject section */

/* Begin PBXSourcesBuildPhase section */
		338DE52A1B3B1EDF0064B16D /* Sources */ = {
			isa = PBXSourcesBuildPhase;
			buildActionMask = 2147483647;
			files = (
				338DE59F1B423C0C0064B16D /* ShaderManager.cpp in Sources */,
				338DE56A1B3BB21E0064B16D /* Mesh.cpp in Sources */,
				338DE57D1B3F3D580064B16D /* Player.cpp in Sources */,
				338DE5A21B43B56C0064B16D /* TexturedMesh.cpp in Sources */,
				338DE59C1B3FD2360064B16D /* World.cpp in Sources */,
				338DE5941B3FB9B90064B16D /* Camera.cpp in Sources */,
				338DE57A1B3F3CEE0064B16D /* Character.cpp in Sources */,
				338DE5321B3B1EDF0064B16D /* main.cpp in Sources */,
				338DE5811B3F95DA0064B16D /* Loader.cpp in Sources */,
				338DE5971B3FC2FB0064B16D /* Keyboard.cpp in Sources */,
				338DE56D1B3BC0A90064B16D /* Model.cpp in Sources */,
			);
			runOnlyForDeploymentPostprocessing = 0;
		};
/* End PBXSourcesBuildPhase section */

/* Begin XCBuildConfiguration section */
		338DE5331B3B1EDF0064B16D /* Debug */ = {
			isa = XCBuildConfiguration;
			buildSettings = {
				ALWAYS_SEARCH_USER_PATHS = NO;
				CLANG_CXX_LANGUAGE_STANDARD = "gnu++0x";
				CLANG_CXX_LIBRARY = "libc++";
				CLANG_ENABLE_MODULES = YES;
				CLANG_ENABLE_OBJC_ARC = YES;
				CLANG_WARN_BOOL_CONVERSION = YES;
				CLANG_WARN_CONSTANT_CONVERSION = YES;
				CLANG_WARN_DIRECT_OBJC_ISA_USAGE = YES_ERROR;
				CLANG_WARN_EMPTY_BODY = YES;
				CLANG_WARN_ENUM_CONVERSION = YES;
				CLANG_WARN_INT_CONVERSION = YES;
				CLANG_WARN_OBJC_ROOT_CLASS = YES_ERROR;
				CLANG_WARN_UNREACHABLE_CODE = YES;
				CLANG_WARN__DUPLICATE_METHOD_MATCH = YES;
				COPY_PHASE_STRIP = NO;
				DEBUG_INFORMATION_FORMAT = dwarf;
				ENABLE_STRICT_OBJC_MSGSEND = YES;
				GCC_C_LANGUAGE_STANDARD = gnu99;
				GCC_DYNAMIC_NO_PIC = NO;
				GCC_NO_COMMON_BLOCKS = YES;
				GCC_OPTIMIZATION_LEVEL = 0;
				GCC_PREPROCESSOR_DEFINITIONS = (
					"DEBUG=1",
					"$(inherited)",
				);
				GCC_SYMBOLS_PRIVATE_EXTERN = NO;
				GCC_WARN_64_TO_32_BIT_CONVERSION = YES;
				GCC_WARN_ABOUT_RETURN_TYPE = YES_ERROR;
				GCC_WARN_UNDECLARED_SELECTOR = YES;
				GCC_WARN_UNINITIALIZED_AUTOS = YES_AGGRESSIVE;
				GCC_WARN_UNUSED_FUNCTION = YES;
				GCC_WARN_UNUSED_VARIABLE = YES;
				MACOSX_DEPLOYMENT_TARGET = 10.10;
				MTL_ENABLE_DEBUG_INFO = YES;
				ONLY_ACTIVE_ARCH = YES;
				SDKROOT = macosx;
			};
			name = Debug;
		};
		338DE5341B3B1EDF0064B16D /* Release */ = {
			isa = XCBuildConfiguration;
			buildSettings = {
				ALWAYS_SEARCH_USER_PATHS = NO;
				CLANG_CXX_LANGUAGE_STANDARD = "gnu++0x";
				CLANG_CXX_LIBRARY = "libc++";
				CLANG_ENABLE_MODULES = YES;
				CLANG_ENABLE_OBJC_ARC = YES;
				CLANG_WARN_BOOL_CONVERSION = YES;
				CLANG_WARN_CONSTANT_CONVERSION = YES;
				CLANG_WARN_DIRECT_OBJC_ISA_USAGE = YES_ERROR;
				CLANG_WARN_EMPTY_BODY = YES;
				CLANG_WARN_ENUM_CONVERSION = YES;
				CLANG_WARN_INT_CONVERSION = YES;
				CLANG_WARN_OBJC_ROOT_CLASS = YES_ERROR;
				CLANG_WARN_UNREACHABLE_CODE = YES;
				CLANG_WARN__DUPLICATE_METHOD_MATCH = YES;
				COPY_PHASE_STRIP = NO;
				DEBUG_INFORMATION_FORMAT = "dwarf-with-dsym";
				ENABLE_NS_ASSERTIONS = NO;
				ENABLE_STRICT_OBJC_MSGSEND = YES;
				GCC_C_LANGUAGE_STANDARD = gnu99;
				GCC_NO_COMMON_BLOCKS = YES;
				GCC_WARN_64_TO_32_BIT_CONVERSION = YES;
				GCC_WARN_ABOUT_RETURN_TYPE = YES_ERROR;
				GCC_WARN_UNDECLARED_SELECTOR = YES;
				GCC_WARN_UNINITIALIZED_AUTOS = YES_AGGRESSIVE;
				GCC_WARN_UNUSED_FUNCTION = YES;
				GCC_WARN_UNUSED_VARIABLE = YES;
				MACOSX_DEPLOYMENT_TARGET = 10.10;
				MTL_ENABLE_DEBUG_INFO = NO;
				SDKROOT = macosx;
			};
			name = Release;
		};
		338DE5361B3B1EDF0064B16D /* Debug */ = {
			isa = XCBuildConfiguration;
			buildSettings = {
				HEADER_SEARCH_PATHS = (
					"$(inherited)",
					/Applications/Xcode.app/Contents/Developer/Toolchains/XcodeDefault.xctoolchain/usr/include,
					/usr/local/include/,
				);
				"LIBRARY_SEARCH_PATHS[arch=*]" = /usr/local/lib/;
				OTHER_CPLUSPLUSFLAGS = "";
				"OTHER_CPLUSPLUSFLAGS[arch=*]" = "";
				"OTHER_LDFLAGS[arch=*]" = (
					"-lglfw3",
					"-lglew",
					"-lSOIL",
					"-lassimp",
				);
				PRODUCT_NAME = "$(TARGET_NAME)";
			};
			name = Debug;
		};
		338DE5371B3B1EDF0064B16D /* Release */ = {
			isa = XCBuildConfiguration;
			buildSettings = {
				PRODUCT_NAME = "$(TARGET_NAME)";
			};
			name = Release;
		};
/* End XCBuildConfiguration section */

/* Begin XCConfigurationList section */
		338DE5291B3B1EDF0064B16D /* Build configuration list for PBXProject "Project" */ = {
			isa = XCConfigurationList;
			buildConfigurations = (
				338DE5331B3B1EDF0064B16D /* Debug */,
				338DE5341B3B1EDF0064B16D /* Release */,
			);
			defaultConfigurationIsVisible = 0;
			defaultConfigurationName = Release;
		};
		338DE5351B3B1EDF0064B16D /* Build configuration list for PBXNativeTarget "Project" */ = {
			isa = XCConfigurationList;
			buildConfigurations = (
				338DE5361B3B1EDF0064B16D /* Debug */,
				338DE5371B3B1EDF0064B16D /* Release */,
			);
			defaultConfigurationIsVisible = 0;
			defaultConfigurationName = Release;
		};
/* End XCConfigurationList section */
	};
	rootObject = 338DE5261B3B1EDF0064B16D /* Project object */;
}
